<?xml version="1.0" encoding="utf-8"?>
<Project ToolsVersion="4.0" xmlns="http://schemas.microsoft.com/developer/msbuild/2003">
  <ItemGroup>
    <Filter Include="Source Files">
      <UniqueIdentifier>{4FC737F1-C7A5-4376-A066-2A32D752A2FF}</UniqueIdentifier>
      <Extensions>cpp;c;cc;cxx;def;odl;idl;hpj;bat;asm;asmx</Extensions>
    </Filter>
    <Filter Include="Header Files">
      <UniqueIdentifier>{93995380-89BD-4b04-88EB-625FBE52EBFB}</UniqueIdentifier>
      <Extensions>h;hpp;hxx;hm;inl;inc;xsd</Extensions>
    </Filter>
    <Filter Include="Resource Files">
      <UniqueIdentifier>{67DA6AB6-F800-4c08-8B7A-83BB121AAD01}</UniqueIdentifier>
      <Extensions>rc;ico;cur;bmp;dlg;rc2;rct;bin;rgs;gif;jpg;jpeg;jpe;resx;tiff;tif;png;wav</Extensions>
    </Filter>
  </ItemGroup>
  <ItemGroup>
    <ClCompile Include="Solid\BP_EndpointList.cpp">
      <Filter>Source Files</Filter>
    </ClCompile>
    <ClCompile Include="Solid\BP_Proxy.cpp">
      <Filter>Source Files</Filter>
    </ClCompile>
    <ClCompile Include="Solid\BP_Scene.cpp">
      <Filter>Source Files</Filter>
    </ClCompile>
    <ClCompile Include="Solid\COConcave.cpp">
      <Filter>Source Files</Filter>
    </ClCompile>
    <ClCompile Include="Solid\COConv.cpp">
      <Filter>Source Files</Filter>
    </ClCompile>
    <ClCompile Include="Solid\COSph.cpp">
      <Filter>Source Files</Filter>
    </ClCompile>
    <ClCompile Include="Solid\COTriangle.cpp">
      <Filter>Source Files</Filter>
    </ClCompile>
    <ClCompile Include="dllmain.cpp">
      <Filter>Source Files</Filter>
    </ClCompile>
    <ClCompile Include="Solid\DT_Accuracy.cpp">
      <Filter>Source Files</Filter>
    </ClCompile>
    <ClCompile Include="Solid\DT_BBoxTree.cpp">
      <Filter>Source Files</Filter>
    </ClCompile>
    <ClCompile Include="Solid\DT_Box.cpp">
      <Filter>Source Files</Filter>
    </ClCompile>
    <ClCompile Include="Solid\DT_Encounter.cpp">
      <Filter>Source Files</Filter>
    </ClCompile>
    <ClCompile Include="Solid\DT_Object.cpp">
      <Filter>Source Files</Filter>
    </ClCompile>
    <ClCompile Include="Solid\DT_PenDepth.cpp">
      <Filter>Source Files</Filter>
    </ClCompile>
    <ClCompile Include="Solid\DT_RespTable.cpp">
      <Filter>Source Files</Filter>
    </ClCompile>
    <ClCompile Include="Solid\DT_Scene.cpp">
      <Filter>Source Files</Filter>
    </ClCompile>
    <ClCompile Include="Solid\DT_TriEdge.cpp">
      <Filter>Source Files</Filter>
    </ClCompile>
    <ClCompile Include="Solid\qhull\geom.c">
      <Filter>Source Files</Filter>
    </ClCompile>
    <ClCompile Include="Solid\qhull\geom2.c">
      <Filter>Source Files</Filter>
    </ClCompile>
    <ClCompile Include="Solid\qhull\global.c">
      <Filter>Source Files</Filter>
    </ClCompile>
    <ClCompile Include="Solid\qhull\io.c">
      <Filter>Source Files</Filter>
    </ClCompile>
    <ClCompile Include="Solid\qhull\mem.c">
      <Filter>Source Files</Filter>
    </ClCompile>
    <ClCompile Include="Solid\qhull\merge.c">
      <Filter>Source Files</Filter>
    </ClCompile>
    <ClCompile Include="NCollisionID.cpp">
      <Filter>Source Files</Filter>
    </ClCompile>
    <ClCompile Include="NCollisionLog.cpp">
      <Filter>Source Files</Filter>
    </ClCompile>
    <ClCompile Include="NCollisionObjectID.cpp">
      <Filter>Source Files</Filter>
    </ClCompile>
    <ClCompile Include="NCollisionScene.cpp">
      <Filter>Source Files</Filter>
    </ClCompile>
    <ClCompile Include="Solid\qhull\poly.c">
      <Filter>Source Files</Filter>
    </ClCompile>
    <ClCompile Include="Solid\qhull\poly2.c">
      <Filter>Source Files</Filter>
    </ClCompile>
    <ClCompile Include="Solid\qhull\qhull.c">
      <Filter>Source Files</Filter>
    </ClCompile>
    <ClCompile Include="Solid\qhull\qset.c">
      <Filter>Source Files</Filter>
    </ClCompile>
    <ClCompile Include="SCollisionObjectID.cpp">
      <Filter>Source Files</Filter>
    </ClCompile>
    <ClCompile Include="SCollisionSceneSolid.cpp">
      <Filter>Source Files</Filter>
    </ClCompile>
    <ClCompile Include="Solid\qhull\stat.c">
      <Filter>Source Files</Filter>
    </ClCompile>
    <ClCompile Include="Solid\qhull\user.c">
      <Filter>Source Files</Filter>
    </ClCompile>
    <ClCompile Include="NCollTimeLine.cpp">
      <Filter>Source Files</Filter>
    </ClCompile>
  </ItemGroup>
  <ItemGroup>
    <ClInclude Include="Solid\BP_Endpoint.h">
      <Filter>Header Files</Filter>
    </ClInclude>
    <ClInclude Include="Solid\BP_EndpointList.h">
      <Filter>Header Files</Filter>
    </ClInclude>
    <ClInclude Include="Solid\BP_Proxy.h">
      <Filter>Header Files</Filter>
    </ClInclude>
    <ClInclude Include="Solid\BP_ProxyList.h">
      <Filter>Header Files</Filter>
    </ClInclude>
    <ClInclude Include="Solid\BP_Scene.h">
      <Filter>Header Files</Filter>
    </ClInclude>
    <ClInclude Include="Solid\COConcave.h">
      <Filter>Header Files</Filter>
    </ClInclude>
    <ClInclude Include="Solid\COConv.h">
      <Filter>Header Files</Filter>
    </ClInclude>
    <ClInclude Include="Solid\COMinkSum.h">
      <Filter>Header Files</Filter>
    </ClInclude>
    <ClInclude Include="Solid\COShape.h">
      <Filter>Header Files</Filter>
    </ClInclude>
    <ClInclude Include="Solid\COSph.h">
      <Filter>Header Files</Filter>
    </ClInclude>
    <ClInclude Include="Solid\COTran.h">
      <Filter>Header Files</Filter>
    </ClInclude>
    <ClInclude Include="Solid\COTriangle.h">
      <Filter>Header Files</Filter>
    </ClInclude>
    <ClInclude Include="Solid\DT_Accuracy.h">
      <Filter>Header Files</Filter>
    </ClInclude>
    <ClInclude Include="Solid\DT_AlgoTable.h">
      <Filter>Header Files</Filter>
    </ClInclude>
    <ClInclude Include="Solid\DT_Array.h">
      <Filter>Header Files</Filter>
    </ClInclude>
    <ClInclude Include="Solid\DT_BBoxTree.h">
      <Filter>Header Files</Filter>
    </ClInclude>
    <ClInclude Include="Solid\DT_Box.h">
      <Filter>Header Files</Filter>
    </ClInclude>
    <ClInclude Include="Solid\DT_CBox.h">
      <Filter>Header Files</Filter>
    </ClInclude>
    <ClInclude Include="Solid\DT_Encounter.h">
      <Filter>Header Files</Filter>
    </ClInclude>
    <ClInclude Include="Solid\DT_GJK.h">
      <Filter>Header Files</Filter>
    </ClInclude>
    <ClInclude Include="Solid\DT_IndexArray.h">
      <Filter>Header Files</Filter>
    </ClInclude>
    <ClInclude Include="Solid\DT_Object.h">
      <Filter>Header Files</Filter>
    </ClInclude>
    <ClInclude Include="Solid\DT_PenDepth.h">
      <Filter>Header Files</Filter>
    </ClInclude>
    <ClInclude Include="Solid\DT_Response.h">
      <Filter>Header Files</Filter>
    </ClInclude>
    <ClInclude Include="Solid\DT_RespTable.h">
      <Filter>Header Files</Filter>
    </ClInclude>
    <ClInclude Include="Solid\DT_Scene.h">
      <Filter>Header Files</Filter>
    </ClInclude>
    <ClInclude Include="Solid\DT_TriEdge.h">
      <Filter>Header Files</Filter>
    </ClInclude>
    <ClInclude Include="Solid\DT_VertexBase.h">
      <Filter>Header Files</Filter>
    </ClInclude>
    <ClInclude Include="Solid\qhull\geom.h">
      <Filter>Header Files</Filter>
    </ClInclude>
    <ClInclude Include="Solid\qhull\io.h">
      <Filter>Header Files</Filter>
    </ClInclude>
    <ClInclude Include="Solid\qhull\mem.h">
      <Filter>Header Files</Filter>
    </ClInclude>
    <ClInclude Include="Solid\qhull\merge.h">
      <Filter>Header Files</Filter>
    </ClInclude>
    <ClInclude Include="..\Common\NCollisionID.h">
      <Filter>Header Files</Filter>
    </ClInclude>
    <ClInclude Include="..\Common\NCollisionLog.h">
      <Filter>Header Files</Filter>
    </ClInclude>
    <ClInclude Include="..\Common\NCollisionObjectID.h">
      <Filter>Header Files</Filter>
    </ClInclude>
    <ClInclude Include="..\Common\NCollisionScene.h">
      <Filter>Header Files</Filter>
    </ClInclude>
    <ClInclude Include="Solid\qhull\poly.h">
      <Filter>Header Files</Filter>
    </ClInclude>
    <ClInclude Include="Solid\qhull\qhull.h">
      <Filter>Header Files</Filter>
    </ClInclude>
    <ClInclude Include="Solid\qhull\qhull_a.h">
      <Filter>Header Files</Filter>
    </ClInclude>
    <ClInclude Include="Solid\qhull\qset.h">
      <Filter>Header Files</Filter>
    </ClInclude>
    <ClInclude Include="resource.h">
      <Filter>Header Files</Filter>
    </ClInclude>
    <ClInclude Include="SCollisionObjectID.h">
      <Filter>Header Files</Filter>
    </ClInclude>
    <ClInclude Include="Solid\qhull\stat.h">
      <Filter>Header Files</Filter>
    </ClInclude>
    <ClInclude Include="stdafx.h">
      <Filter>Header Files</Filter>
    </ClInclude>
    <ClInclude Include="Solid\qhull\user.h">
      <Filter>Header Files</Filter>
    </ClInclude>
    <ClInclude Include="SCollisionSceneSolid.h">
      <Filter>Header Files</Filter>
    </ClInclude>
    <ClInclude Include="..\common\NCollTimeLine.h">
      <Filter>Header Files</Filter>
    </ClInclude>
  </ItemGroup>
  <ItemGroup>
    <ResourceCompile Include="Collision.rc">
      <Filter>Resource Files</Filter>
    </ResourceCompile>
  </ItemGroup>
  <ItemGroup>
    <None Include="ReadMe.txt" />
  </ItemGroup>
</Project>