<?xml version="1.0" encoding="utf-8"?>
<Project ToolsVersion="4.0" xmlns="http://schemas.microsoft.com/developer/msbuild/2003">
  <ItemGroup>
    <Filter Include="Source Files">
      <UniqueIdentifier>{08a2917f-f646-4f48-a956-76b41d262a55}</UniqueIdentifier>
      <Extensions>cpp;c;cxx;rc;def;r;odl;idl;hpj;bat</Extensions>
    </Filter>
    <Filter Include="Header Files">
      <UniqueIdentifier>{9b78d9a8-42a4-4dde-bcd3-3677db028903}</UniqueIdentifier>
      <Extensions>h;hpp;hxx;hm;inl</Extensions>
    </Filter>
    <Filter Include="Resource Files">
      <UniqueIdentifier>{6340261b-eb86-45d6-a33a-41a607e6b8d8}</UniqueIdentifier>
      <Extensions>ico;cur;bmp;dlg;rc2;rct;bin;rgs;gif;jpg;jpeg;jpe</Extensions>
    </Filter>
  </ItemGroup>
  <ItemGroup>
    <ClCompile Include="BAnglesPoint.cpp">
      <Filter>Source Files</Filter>
    </ClCompile>
    <ClCompile Include="BGrazingCurve.cpp">
      <Filter>Source Files</Filter>
    </ClCompile>
    <ClCompile Include="BGrazingCurveElemContour.cpp">
      <Filter>Source Files</Filter>
    </ClCompile>
    <ClCompile Include="BSurfaceElemTool.cpp">
      <Filter>Source Files</Filter>
    </ClCompile>
    <ClCompile Include="BSurfaceTool.cpp">
      <Filter>Source Files</Filter>
    </ClCompile>
    <ClCompile Include="FChain.cpp">
      <Filter>Source Files</Filter>
    </ClCompile>
    <ClCompile Include="FProg2BSP.cpp">
      <Filter>Source Files</Filter>
    </ClCompile>
    <ClCompile Include="GPauseAnimate.cpp">
      <Filter>Source Files</Filter>
    </ClCompile>
    <ClCompile Include="MEdge.cpp">
      <Filter>Source Files</Filter>
    </ClCompile>
    <ClCompile Include="MTriFace.cpp">
      <Filter>Source Files</Filter>
    </ClCompile>
    <ClCompile Include="MVertex.cpp">
      <Filter>Source Files</Filter>
    </ClCompile>
    <ClCompile Include="MVRDS.cpp">
      <Filter>Source Files</Filter>
    </ClCompile>
    <ClCompile Include="MVRDSmember.cpp">
      <Filter>Source Files</Filter>
    </ClCompile>
    <ClCompile Include="Plane\NCadrsProcessing.cpp">
      <Filter>Source Files</Filter>
    </ClCompile>
    <ClCompile Include="Plane\NCylinderProsessing.cpp">
      <Filter>Source Files</Filter>
    </ClCompile>
    <ClCompile Include="NGrooveChain.cpp">
      <Filter>Source Files</Filter>
    </ClCompile>
    <ClCompile Include="NGrooveProcessing.cpp">
      <Filter>Source Files</Filter>
    </ClCompile>
    <ClCompile Include="NHorPlaneProcessing.cpp">
      <Filter>Source Files</Filter>
    </ClCompile>
    <ClCompile Include="NOneCadrOneTool.cpp">
      <Filter>Source Files</Filter>
    </ClCompile>
    <ClCompile Include="Plane\NOneCadrProcessing.cpp">
      <Filter>Source Files</Filter>
    </ClCompile>
    <ClCompile Include="Plane\NOnePartProsessing.cpp">
      <Filter>Source Files</Filter>
    </ClCompile>
    <ClCompile Include="Plane\NPlaneProcessing.cpp">
      <Filter>Source Files</Filter>
    </ClCompile>
    <ClCompile Include="NQueue.cpp">
      <Filter>Source Files</Filter>
    </ClCompile>
    <ClCompile Include="NQueueBack.cpp">
      <Filter>Source Files</Filter>
    </ClCompile>
    <ClCompile Include="NQueueElem.cpp">
      <Filter>Source Files</Filter>
    </ClCompile>
    <ClCompile Include="NQueueLim.cpp">
      <Filter>Source Files</Filter>
    </ClCompile>
    <ClCompile Include="NRendersList.cpp">
      <Filter>Source Files</Filter>
    </ClCompile>
    <ClCompile Include="NTurnProcessing.cpp">
      <Filter>Source Files</Filter>
    </ClCompile>
    <ClCompile Include="NUVPoint.cpp">
      <Filter>Source Files</Filter>
    </ClCompile>
    <ClCompile Include="SPathChain.cpp">
      <Filter>Source Files</Filter>
    </ClCompile>
    <ClCompile Include="SProcChain.cpp">
      <Filter>Source Files</Filter>
    </ClCompile>
    <ClCompile Include="StdAfx.cpp">
      <Filter>Source Files</Filter>
    </ClCompile>
    <ClCompile Include="SurfacelConst.cpp">
      <Filter>Source Files</Filter>
    </ClCompile>
    <ClCompile Include="plane\NCadrsProcessingDX5X.cpp">
      <Filter>Source Files</Filter>
    </ClCompile>
    <ClCompile Include="GOneStepGeom.cpp">
      <Filter>Source Files</Filter>
    </ClCompile>
  </ItemGroup>
  <ItemGroup>
    <None Include="Surface.def">
      <Filter>Source Files</Filter>
    </None>
    <None Include="res\Surface.rc2">
      <Filter>Resource Files</Filter>
    </None>
    <None Include="ReadMe.txt" />
    <None Include="VTune\Surface.vpj" />
  </ItemGroup>
  <ItemGroup>
    <ResourceCompile Include="Surface.rc">
      <Filter>Source Files</Filter>
    </ResourceCompile>
  </ItemGroup>
  <ItemGroup>
    <ClInclude Include="..\Common\BAnglesPoint.h">
      <Filter>Header Files</Filter>
    </ClInclude>
    <ClInclude Include="..\Common\BGrazingCurve.h">
      <Filter>Header Files</Filter>
    </ClInclude>
    <ClInclude Include="..\Common\BGrazingCurveElemContour.h">
      <Filter>Header Files</Filter>
    </ClInclude>
    <ClInclude Include="..\Common\BSurfaceElemTool.h">
      <Filter>Header Files</Filter>
    </ClInclude>
    <ClInclude Include="..\Common\BSurfaceTool.h">
      <Filter>Header Files</Filter>
    </ClInclude>
    <ClInclude Include="ConstDef.h">
      <Filter>Header Files</Filter>
    </ClInclude>
    <ClInclude Include="FChain.h">
      <Filter>Header Files</Filter>
    </ClInclude>
    <ClInclude Include="..\Common\FProg2BSP.h">
      <Filter>Header Files</Filter>
    </ClInclude>
    <ClInclude Include="..\Common\GPauseAnimate.h">
      <Filter>Header Files</Filter>
    </ClInclude>
    <ClInclude Include="MEdge.h">
      <Filter>Header Files</Filter>
    </ClInclude>
    <ClInclude Include="MTriFace.h">
      <Filter>Header Files</Filter>
    </ClInclude>
    <ClInclude Include="MVertex.h">
      <Filter>Header Files</Filter>
    </ClInclude>
    <ClInclude Include="MVRDS.h">
      <Filter>Header Files</Filter>
    </ClInclude>
    <ClInclude Include="MVRDSmember.h">
      <Filter>Header Files</Filter>
    </ClInclude>
    <ClInclude Include="Plane\NCadrsProcessing.h">
      <Filter>Header Files</Filter>
    </ClInclude>
    <ClInclude Include="Plane\NCylinderProsessing.h">
      <Filter>Header Files</Filter>
    </ClInclude>
    <ClInclude Include="NGrooveChain.h">
      <Filter>Header Files</Filter>
    </ClInclude>
    <ClInclude Include="NGrooveProcessing.h">
      <Filter>Header Files</Filter>
    </ClInclude>
    <ClInclude Include="NHorPlaneProcessing.h">
      <Filter>Header Files</Filter>
    </ClInclude>
    <ClInclude Include="NOneCadrOneTool.h">
      <Filter>Header Files</Filter>
    </ClInclude>
    <ClInclude Include="Plane\NOneCadrProcessing.h">
      <Filter>Header Files</Filter>
    </ClInclude>
    <ClInclude Include="Plane\NOnePartProsessing.h">
      <Filter>Header Files</Filter>
    </ClInclude>
    <ClInclude Include="Plane\NPlaneProcessing.h">
      <Filter>Header Files</Filter>
    </ClInclude>
    <ClInclude Include="..\Common\NQueue.h">
      <Filter>Header Files</Filter>
    </ClInclude>
    <ClInclude Include="..\Common\NQueueBack.h">
      <Filter>Header Files</Filter>
    </ClInclude>
    <ClInclude Include="NQueueElem.h">
      <Filter>Header Files</Filter>
    </ClInclude>
    <ClInclude Include="..\Common\NQueueLim.h">
      <Filter>Header Files</Filter>
    </ClInclude>
    <ClInclude Include="..\Common\NRendersList.h">
      <Filter>Header Files</Filter>
    </ClInclude>
    <ClInclude Include="NSquarePiece.h">
      <Filter>Header Files</Filter>
    </ClInclude>
    <ClInclude Include="NTurnProcessing.h">
      <Filter>Header Files</Filter>
    </ClInclude>
    <ClInclude Include="NUVPoint.h">
      <Filter>Header Files</Filter>
    </ClInclude>
    <ClInclude Include="Resource.h">
      <Filter>Header Files</Filter>
    </ClInclude>
    <ClInclude Include="SPathChain.h">
      <Filter>Header Files</Filter>
    </ClInclude>
    <ClInclude Include="SProcChain.h">
      <Filter>Header Files</Filter>
    </ClInclude>
    <ClInclude Include="StdAfx.h">
      <Filter>Header Files</Filter>
    </ClInclude>
    <ClInclude Include="..\Common\SurfaceConst.h">
      <Filter>Header Files</Filter>
    </ClInclude>
    <ClInclude Include="plane\NCadrsProcessingDX5X.h">
      <Filter>Header Files</Filter>
    </ClInclude>
    <ClInclude Include="..\common\GOneStepGeom.h">
      <Filter>Header Files</Filter>
    </ClInclude>
  </ItemGroup>
</Project>