<?xml version="1.0" encoding="utf-8"?>
<Project ToolsVersion="4.0" xmlns="http://schemas.microsoft.com/developer/msbuild/2003">
  <ItemGroup>
    <Filter Include="Source Files">
      <UniqueIdentifier>{4FC737F1-C7A5-4376-A066-2A32D752A2FF}</UniqueIdentifier>
      <Extensions>cpp;c;cc;cxx;def;odl;idl;hpj;bat;asm;asmx</Extensions>
    </Filter>
    <Filter Include="Header Files">
      <UniqueIdentifier>{93995380-89BD-4b04-88EB-625FBE52EBFB}</UniqueIdentifier>
      <Extensions>h;hpp;hxx;hm;inl;inc;xsd</Extensions>
    </Filter>
    <Filter Include="Resource Files">
      <UniqueIdentifier>{67DA6AB6-F800-4c08-8B7A-83BB121AAD01}</UniqueIdentifier>
      <Extensions>rc;ico;cur;bmp;dlg;rc2;rct;bin;rgs;gif;jpg;jpeg;jpe;resx;tiff;tif;png;wav</Extensions>
    </Filter>
  </ItemGroup>
  <ItemGroup>
    <ClCompile Include="BaseRender.cpp">
      <Filter>Source Files</Filter>
    </ClCompile>
    <ClCompile Include="CutObjectGL.cpp">
      <Filter>Source Files</Filter>
    </ClCompile>
    <ClCompile Include="dllmain.cpp">
      <Filter>Source Files</Filter>
    </ClCompile>
    <ClCompile Include="glbmp-1.1\glbmp.c">
      <Filter>Source Files</Filter>
    </ClCompile>
    <ClCompile Include="GLee.c">
      <Filter>Source Files</Filter>
    </ClCompile>
    <ClCompile Include="OpenGLRender.cpp">
      <Filter>Source Files</Filter>
    </ClCompile>
    <ClCompile Include="RArrow.cpp">
      <Filter>Source Files</Filter>
    </ClCompile>
    <ClCompile Include="RDCEL.cpp">
      <Filter>Source Files</Filter>
    </ClCompile>
    <ClCompile Include="RDynViewChange.cpp">
      <Filter>Source Files</Filter>
    </ClCompile>
    <ClCompile Include="RElemArray.cpp">
      <Filter>Source Files</Filter>
    </ClCompile>
    <ClCompile Include="RGLSLProgramObj.cpp">
      <Filter>Source Files</Filter>
    </ClCompile>
    <ClCompile Include="RLines.cpp">
      <Filter>Source Files</Filter>
    </ClCompile>
    <ClCompile Include="RPickID.cpp">
      <Filter>Source Files</Filter>
    </ClCompile>
    <ClCompile Include="RRuler.cpp">
      <Filter>Source Files</Filter>
    </ClCompile>
    <ClCompile Include="RShaders.cpp">
      <Filter>Source Files</Filter>
    </ClCompile>
    <ClCompile Include="RTranslucentProg.cpp">
      <Filter>Source Files</Filter>
    </ClCompile>
    <ClCompile Include="Shader.cpp">
      <Filter>Source Files</Filter>
    </ClCompile>
    <ClCompile Include="stdafx.cpp">
      <Filter>Source Files</Filter>
    </ClCompile>
    <ClCompile Include="RTriangles.cpp">
      <Filter>Source Files</Filter>
    </ClCompile>
    <ClCompile Include="RTriRandMesh.cpp">
      <Filter>Source Files</Filter>
    </ClCompile>
    <ClCompile Include="OGLCursor.cpp">
      <Filter>Source Files</Filter>
    </ClCompile>
    <ClCompile Include="RRevSurf.cpp">
      <Filter>Source Files</Filter>
    </ClCompile>
    <ClCompile Include="RXYZArrows.cpp">
      <Filter>Source Files</Filter>
    </ClCompile>
    <ClCompile Include="BaseOGLWnd.cpp">
      <Filter>Source Files</Filter>
    </ClCompile>
    <ClCompile Include="NViewDlg.cpp">
      <Filter>Source Files</Filter>
    </ClCompile>
    <ClCompile Include="NViewToolBar.cpp">
      <Filter>Source Files</Filter>
    </ClCompile>
    <ClCompile Include="BOpenGLCtrl.cpp">
      <Filter>Source Files</Filter>
    </ClCompile>
    <ClCompile Include="BOpenGLWnd.cpp">
      <Filter>Source Files</Filter>
    </ClCompile>
    <ClCompile Include="NRotTracker.cpp">
      <Filter>Source Files</Filter>
    </ClCompile>
    <ClCompile Include="NRotAngles.cpp">
      <Filter>Source Files</Filter>
    </ClCompile>
    <ClCompile Include="RSpinning.cpp">
      <Filter>Source Files</Filter>
    </ClCompile>
    <ClCompile Include="RRopes.cpp">
      <Filter>Source Files</Filter>
    </ClCompile>
    <ClCompile Include="NxyzImage.cpp">
      <Filter>Source Files</Filter>
    </ClCompile>
  </ItemGroup>
  <ItemGroup>
    <ClInclude Include="..\Common\BaseRender.h">
      <Filter>Header Files</Filter>
    </ClInclude>
    <ClInclude Include="..\Common\CutObjectGL.h">
      <Filter>Header Files</Filter>
    </ClInclude>
    <ClInclude Include="glbmp-1.1\glbmp.h">
      <Filter>Header Files</Filter>
    </ClInclude>
    <ClInclude Include="..\Common\GLee.h">
      <Filter>Header Files</Filter>
    </ClInclude>
    <ClInclude Include="..\Common\OPENGLRENDER_API.h">
      <Filter>Header Files</Filter>
    </ClInclude>
    <ClInclude Include="..\Common\RArrow.h">
      <Filter>Header Files</Filter>
    </ClInclude>
    <ClInclude Include="..\Common\RDCEL.h">
      <Filter>Header Files</Filter>
    </ClInclude>
    <ClInclude Include="..\Common\RDynViewChange.h">
      <Filter>Header Files</Filter>
    </ClInclude>
    <ClInclude Include="..\Common\RElemArray.h">
      <Filter>Header Files</Filter>
    </ClInclude>
    <ClInclude Include="resource.h">
      <Filter>Header Files</Filter>
    </ClInclude>
    <ClInclude Include="..\Common\RGLSLProgramObj.h">
      <Filter>Header Files</Filter>
    </ClInclude>
    <ClInclude Include="..\Common\RLines.h">
      <Filter>Header Files</Filter>
    </ClInclude>
    <ClInclude Include="..\Common\RPickID.h">
      <Filter>Header Files</Filter>
    </ClInclude>
    <ClInclude Include="..\Common\RRuler.h">
      <Filter>Header Files</Filter>
    </ClInclude>
    <ClInclude Include="..\Common\RShaders.h">
      <Filter>Header Files</Filter>
    </ClInclude>
    <ClInclude Include="..\Common\RTranslucentProg.h">
      <Filter>Header Files</Filter>
    </ClInclude>
    <ClInclude Include="..\Common\Shader.h">
      <Filter>Header Files</Filter>
    </ClInclude>
    <ClInclude Include="stdafx.h">
      <Filter>Header Files</Filter>
    </ClInclude>
    <ClInclude Include="..\common\RTriangles.h">
      <Filter>Header Files</Filter>
    </ClInclude>
    <ClInclude Include="..\common\RTriRandMesh.h">
      <Filter>Header Files</Filter>
    </ClInclude>
    <ClInclude Include="..\Common\Snaps.h">
      <Filter>Header Files</Filter>
    </ClInclude>
    <ClInclude Include="..\Common\OGLCursor.h">
      <Filter>Header Files</Filter>
    </ClInclude>
    <ClInclude Include="..\common\RRevSurf.h">
      <Filter>Header Files</Filter>
    </ClInclude>
    <ClInclude Include="..\Common\BDCEL_TRM.h">
      <Filter>Header Files</Filter>
    </ClInclude>
    <ClInclude Include="..\common\RXYZArrows.h">
      <Filter>Header Files</Filter>
    </ClInclude>
    <ClInclude Include="BOpenGLCtrl.h">
      <Filter>Header Files</Filter>
    </ClInclude>
    <ClInclude Include="..\common\BOpenGLWnd.h">
      <Filter>Header Files</Filter>
    </ClInclude>
    <ClInclude Include="..\Common\NViewDlg.h">
      <Filter>Header Files</Filter>
    </ClInclude>
    <ClInclude Include="..\Common\NViewToolBar.h">
      <Filter>Header Files</Filter>
    </ClInclude>
    <ClInclude Include="..\Common\NRotTracker.h">
      <Filter>Header Files</Filter>
    </ClInclude>
    <ClInclude Include="NRotAngles.h">
      <Filter>Header Files</Filter>
    </ClInclude>
    <ClInclude Include="..\common\RSpinning.h">
      <Filter>Header Files</Filter>
    </ClInclude>
    <ClInclude Include="..\common\RRopes.h">
      <Filter>Header Files</Filter>
    </ClInclude>
    <ClInclude Include="..\Common\NxyzImage.h">
      <Filter>Header Files</Filter>
    </ClInclude>
  </ItemGroup>
  <ItemGroup>
    <ResourceCompile Include="OpenGLRender.rc">
      <Filter>Resource Files</Filter>
    </ResourceCompile>
  </ItemGroup>
</Project>