<?xml version="1.0" encoding="utf-8"?>
<Project ToolsVersion="4.0" xmlns="http://schemas.microsoft.com/developer/msbuild/2003">
  <ItemGroup>
    <Filter Include="Source Files">
      <UniqueIdentifier>{4FC737F1-C7A5-4376-A066-2A32D752A2FF}</UniqueIdentifier>
      <Extensions>cpp;c;cxx;def;odl;idl;hpj;bat;asm;asmx</Extensions>
    </Filter>
    <Filter Include="Header Files">
      <UniqueIdentifier>{93995380-89BD-4b04-88EB-625FBE52EBFB}</UniqueIdentifier>
      <Extensions>h;hpp;hxx;hm;inl;inc;xsd</Extensions>
    </Filter>
    <Filter Include="Resource Files">
      <UniqueIdentifier>{67DA6AB6-F800-4c08-8B7A-83BB121AAD01}</UniqueIdentifier>
      <Extensions>rc;ico;cur;bmp;dlg;rc2;rct;bin;rgs;gif;jpg;jpeg;jpe;resx</Extensions>
    </Filter>
  </ItemGroup>
  <ItemGroup>
    <ClCompile Include="BStl.cpp">
      <Filter>Source Files</Filter>
    </ClCompile>
    <ClCompile Include="Mashine.cpp">
      <Filter>Source Files</Filter>
    </ClCompile>
    <ClCompile Include="MTAxis.cpp">
      <Filter>Source Files</Filter>
    </ClCompile>
    <ClCompile Include="MTBase.cpp">
      <Filter>Source Files</Filter>
    </ClCompile>
    <ClCompile Include="MTCollisionArray.cpp">
      <Filter>Source Files</Filter>
    </ClCompile>
    <ClCompile Include="MTEdit.cpp">
      <Filter>Source Files</Filter>
    </ClCompile>
    <ClCompile Include="MTEditColAxisDlg.cpp">
      <Filter>Source Files</Filter>
    </ClCompile>
    <ClCompile Include="MTEditDropTarget.cpp">
      <Filter>Source Files</Filter>
    </ClCompile>
    <ClCompile Include="MTEditPane.cpp">
      <Filter>Source Files</Filter>
    </ClCompile>
    <ClCompile Include="MTEditPropList.cpp">
      <Filter>Source Files</Filter>
    </ClCompile>
    <ClCompile Include="MTEditPropToolBar.cpp">
      <Filter>Source Files</Filter>
    </ClCompile>
    <ClCompile Include="MTEditSaveAsDlg.cpp">
      <Filter>Source Files</Filter>
    </ClCompile>
    <ClCompile Include="MTEditSliderButton.cpp">
      <Filter>Source Files</Filter>
    </ClCompile>
    <ClCompile Include="MTEditStlNameDlg.cpp">
      <Filter>Source Files</Filter>
    </ClCompile>
    <ClCompile Include="MTEditStlNamesDlg.cpp">
      <Filter>Source Files</Filter>
    </ClCompile>
    <ClCompile Include="MTEditTreeCtrl.cpp">
      <Filter>Source Files</Filter>
    </ClCompile>
    <ClCompile Include="MTEditTreePane.cpp">
      <Filter>Source Files</Filter>
    </ClCompile>
    <ClCompile Include="MTForwardAxis.cpp">
      <Filter>Source Files</Filter>
    </ClCompile>
    <ClCompile Include="MTMachine.cpp">
      <Filter>Source Files</Filter>
    </ClCompile>
    <ClCompile Include="MTMashineTool.cpp">
      <Filter>Source Files</Filter>
    </ClCompile>
    <ClCompile Include="MTPalette.cpp">
      <Filter>Source Files</Filter>
    </ClCompile>
    <ClCompile Include="MTPart.cpp">
      <Filter>Source Files</Filter>
    </ClCompile>
    <ClCompile Include="MTPartArray.cpp">
      <Filter>Source Files</Filter>
    </ClCompile>
    <ClCompile Include="MTPartAxis.cpp">
      <Filter>Source Files</Filter>
    </ClCompile>
    <ClCompile Include="MTPartVisProp.cpp">
      <Filter>Source Files</Filter>
    </ClCompile>
    <ClCompile Include="MTRotaryAxis.cpp">
      <Filter>Source Files</Filter>
    </ClCompile>
    <ClCompile Include="MTStockAxis.cpp">
      <Filter>Source Files</Filter>
    </ClCompile>
    <ClCompile Include="MTToolAxis.cpp">
      <Filter>Source Files</Filter>
    </ClCompile>
    <ClCompile Include="MTVirtToolAxis.cpp">
      <Filter>Source Files</Filter>
    </ClCompile>
    <ClCompile Include="NMachNameDlg.cpp">
      <Filter>Source Files</Filter>
    </ClCompile>
    <ClCompile Include="NTiltPlane.cpp">
      <Filter>Source Files</Filter>
    </ClCompile>
    <ClCompile Include="SPropChange.cpp">
      <Filter>Source Files</Filter>
    </ClCompile>
    <ClCompile Include="stdafx.cpp">
      <Filter>Source Files</Filter>
    </ClCompile>
    <ClCompile Include="NExprProperty.cpp">
      <Filter>Source Files</Filter>
    </ClCompile>
    <ClCompile Include="MTRelocateAxis.cpp">
      <Filter>Source Files</Filter>
    </ClCompile>
    <ClCompile Include="MTConfig.cpp">
      <Filter>Source Files</Filter>
    </ClCompile>
    <ClCompile Include="MTMatrFieldAxis.cpp">
      <Filter>Source Files</Filter>
    </ClCompile>
    <ClCompile Include="MTSimpleChainAxis.cpp">
      <Filter>Source Files</Filter>
    </ClCompile>
    <ClCompile Include="MTEditArrayDlg.cpp">
      <Filter>Source Files</Filter>
    </ClCompile>
    <ClCompile Include="NMachUnitPair.cpp">
      <Filter>Source Files</Filter>
    </ClCompile>
    <ClCompile Include="StlRend.cpp">
      <Filter>Source Files</Filter>
    </ClCompile>
    <ClCompile Include="NStlConverterDlg.cpp">
      <Filter>Source Files</Filter>
    </ClCompile>
    <ClCompile Include="MTSpinAxis.cpp">
      <Filter>Source Files</Filter>
    </ClCompile>
    <ClCompile Include="MBSPCell.cpp">
      <Filter>Source Files</Filter>
    </ClCompile>
    <ClCompile Include="MTAxisCache3D.cpp">
      <Filter>Source Files</Filter>
    </ClCompile>
  </ItemGroup>
  <ItemGroup>
    <None Include="Mashine.def">
      <Filter>Source Files</Filter>
    </None>
    <None Include="res\Mashine.rc2">
      <Filter>Resource Files</Filter>
    </None>
  </ItemGroup>
  <ItemGroup>
    <ClInclude Include="..\Common\BStl.h">
      <Filter>Header Files</Filter>
    </ClInclude>
    <ClInclude Include="..\Common\MTAxis.h">
      <Filter>Header Files</Filter>
    </ClInclude>
    <ClInclude Include="..\Common\MTBase.h">
      <Filter>Header Files</Filter>
    </ClInclude>
    <ClInclude Include="..\Common\MTCollisionArray.h">
      <Filter>Header Files</Filter>
    </ClInclude>
    <ClInclude Include="..\Common\MTEdit.h">
      <Filter>Header Files</Filter>
    </ClInclude>
    <ClInclude Include="MTEditColAxisDlg.h">
      <Filter>Header Files</Filter>
    </ClInclude>
    <ClInclude Include="..\Common\MTEditDropTarget.h">
      <Filter>Header Files</Filter>
    </ClInclude>
    <ClInclude Include="..\Common\MTEditPane.h">
      <Filter>Header Files</Filter>
    </ClInclude>
    <ClInclude Include="..\Common\MTEditPropList.h">
      <Filter>Header Files</Filter>
    </ClInclude>
    <ClInclude Include="..\Common\MTEditPropToolBar.h">
      <Filter>Header Files</Filter>
    </ClInclude>
    <ClInclude Include="MTEditSaveAsDlg.h">
      <Filter>Header Files</Filter>
    </ClInclude>
    <ClInclude Include="..\Common\MTEditSliderButton.h">
      <Filter>Header Files</Filter>
    </ClInclude>
    <ClInclude Include="MTEditStlNameDlg.h">
      <Filter>Header Files</Filter>
    </ClInclude>
    <ClInclude Include="MTEditStlNamesDlg.h">
      <Filter>Header Files</Filter>
    </ClInclude>
    <ClInclude Include="..\Common\MTEditTreeCtrl.h">
      <Filter>Header Files</Filter>
    </ClInclude>
    <ClInclude Include="..\Common\MTEditTreePane.h">
      <Filter>Header Files</Filter>
    </ClInclude>
    <ClInclude Include="MTForwardAxis.h">
      <Filter>Header Files</Filter>
    </ClInclude>
    <ClInclude Include="..\Common\MTMachine.h">
      <Filter>Header Files</Filter>
    </ClInclude>
    <ClInclude Include="..\Common\MTMashineTool.h">
      <Filter>Header Files</Filter>
    </ClInclude>
    <ClInclude Include="..\Common\MTPalette.h">
      <Filter>Header Files</Filter>
    </ClInclude>
    <ClInclude Include="..\Common\MTPart.h">
      <Filter>Header Files</Filter>
    </ClInclude>
    <ClInclude Include="..\Common\MTPartArray.h">
      <Filter>Header Files</Filter>
    </ClInclude>
    <ClInclude Include="MTPartAxis.h">
      <Filter>Header Files</Filter>
    </ClInclude>
    <ClInclude Include="MTPartVisProp.h">
      <Filter>Header Files</Filter>
    </ClInclude>
    <ClInclude Include="MTRotaryAxis.h">
      <Filter>Header Files</Filter>
    </ClInclude>
    <ClInclude Include="MTStockAxis.h">
      <Filter>Header Files</Filter>
    </ClInclude>
    <ClInclude Include="MTToolAxis.h">
      <Filter>Header Files</Filter>
    </ClInclude>
    <ClInclude Include="MTVirtToolAxis.h">
      <Filter>Header Files</Filter>
    </ClInclude>
    <ClInclude Include="..\Common\NMachNameDlg.h">
      <Filter>Header Files</Filter>
    </ClInclude>
    <ClInclude Include="..\Common\NTiltPlane.h">
      <Filter>Header Files</Filter>
    </ClInclude>
    <ClInclude Include="Resource.h">
      <Filter>Header Files</Filter>
    </ClInclude>
    <ClInclude Include="SPropChange.h">
      <Filter>Header Files</Filter>
    </ClInclude>
    <ClInclude Include="stdafx.h">
      <Filter>Header Files</Filter>
    </ClInclude>
    <ClInclude Include="..\Common\MACHINE_API.h">
      <Filter>Header Files</Filter>
    </ClInclude>
    <ClInclude Include="NExprProperty.h">
      <Filter>Header Files</Filter>
    </ClInclude>
    <ClInclude Include="..\Common\MTConfig.h">
      <Filter>Header Files</Filter>
    </ClInclude>
    <ClInclude Include="MTMatrFieldAxis.h">
      <Filter>Header Files</Filter>
    </ClInclude>
    <ClInclude Include="MTSimpleChainAxis.h">
      <Filter>Header Files</Filter>
    </ClInclude>
    <ClInclude Include="MTEditArrayDlg.h">
      <Filter>Header Files</Filter>
    </ClInclude>
    <ClInclude Include="StlRend.h">
      <Filter>Header Files</Filter>
    </ClInclude>
    <ClInclude Include="NStlConverterDlg.h">
      <Filter>Header Files</Filter>
    </ClInclude>
    <ClInclude Include="MTRelocateAxis.h">
      <Filter>Header Files</Filter>
    </ClInclude>
    <ClInclude Include="MTSpinAxis.h">
      <Filter>Header Files</Filter>
    </ClInclude>
    <ClInclude Include="..\Common\DocElements.h">
      <Filter>Header Files</Filter>
    </ClInclude>
    <ClInclude Include="..\common\BStockGrID.h">
      <Filter>Header Files</Filter>
    </ClInclude>
    <ClInclude Include="..\common\MBSPCell.h">
      <Filter>Header Files</Filter>
    </ClInclude>
    <ClInclude Include="MTAxisCache3D.h">
      <Filter>Header Files</Filter>
    </ClInclude>
  </ItemGroup>
  <ItemGroup>
    <ResourceCompile Include="Mashine_RE.rc">
      <Filter>Resource Files</Filter>
    </ResourceCompile>
  </ItemGroup>
</Project>