<?xml version="1.0" encoding="utf-8"?>
<Project ToolsVersion="4.0" xmlns="http://schemas.microsoft.com/developer/msbuild/2003">
  <ItemGroup>
    <Filter Include="Source Files">
      <UniqueIdentifier>{397e65dc-fc33-4d6c-8bc1-19261df70248}</UniqueIdentifier>
      <Extensions>cpp;c;cxx;rc;def;r;odl;idl;hpj;bat</Extensions>
    </Filter>
    <Filter Include="Header Files">
      <UniqueIdentifier>{27fac8cd-c362-4fe8-81ac-885baebad10f}</UniqueIdentifier>
      <Extensions>h;hpp;hxx;hm;inl</Extensions>
    </Filter>
    <Filter Include="Resource Files">
      <UniqueIdentifier>{30a584d3-1b83-40b9-a294-44dac9cae770}</UniqueIdentifier>
      <Extensions>ico;cur;bmp;dlg;rc2;rct;bin;rgs;gif;jpg;jpeg;jpe</Extensions>
    </Filter>
  </ItemGroup>
  <ItemGroup>
    <ClCompile Include="AptCLFile.cpp">
      <Filter>Source Files</Filter>
    </ClCompile>
    <ClCompile Include="APTCLOut.cpp">
      <Filter>Source Files</Filter>
    </ClCompile>
    <ClCompile Include="DXFExport.cpp">
      <Filter>Source Files</Filter>
    </ClCompile>
    <ClCompile Include="DXFOut.cpp">
      <Filter>Source Files</Filter>
    </ClCompile>
    <ClCompile Include="ParticularExport.cpp">
      <Filter>Source Files</Filter>
    </ClCompile>
    <ClCompile Include="StContOut.cpp">
      <Filter>Source Files</Filter>
    </ClCompile>
    <ClCompile Include="StdAfx.cpp">
      <Filter>Source Files</Filter>
    </ClCompile>
    <ClCompile Include="src\dl_dxf.cpp">
      <Filter>Source Files</Filter>
    </ClCompile>
    <ClCompile Include="src\dl_writer_ascii.cpp">
      <Filter>Header Files</Filter>
    </ClCompile>
    <ClCompile Include="N_dl_import.cpp">
      <Filter>Source Files</Filter>
    </ClCompile>
  </ItemGroup>
  <ItemGroup>
    <None Include="DXFExport.def">
      <Filter>Source Files</Filter>
    </None>
    <None Include="res\DXFExport.rc2">
      <Filter>Resource Files</Filter>
    </None>
    <None Include="ReadMe.txt" />
  </ItemGroup>
  <ItemGroup>
    <ResourceCompile Include="DXFExport_RE.rc">
      <Filter>Source Files</Filter>
    </ResourceCompile>
  </ItemGroup>
  <ItemGroup>
    <ClInclude Include="AptCLFile.h">
      <Filter>Header Files</Filter>
    </ClInclude>
    <ClInclude Include="..\Common\APTCLOut.h">
      <Filter>Header Files</Filter>
    </ClInclude>
    <ClInclude Include="..\Common\curve.h">
      <Filter>Header Files</Filter>
    </ClInclude>
    <ClInclude Include="..\Common\DXFOut.h">
      <Filter>Header Files</Filter>
    </ClInclude>
    <ClInclude Include="..\Common\ParticularExport.h">
      <Filter>Header Files</Filter>
    </ClInclude>
    <ClInclude Include="Resource.h">
      <Filter>Header Files</Filter>
    </ClInclude>
    <ClInclude Include="..\Common\StContOut.h">
      <Filter>Header Files</Filter>
    </ClInclude>
    <ClInclude Include="StdAfx.h">
      <Filter>Header Files</Filter>
    </ClInclude>
    <ClInclude Include="src\dl_attributes.h">
      <Filter>Header Files</Filter>
    </ClInclude>
    <ClInclude Include="src\dl_codes.h">
      <Filter>Header Files</Filter>
    </ClInclude>
    <ClInclude Include="src\dl_creationadapter.h">
      <Filter>Header Files</Filter>
    </ClInclude>
    <ClInclude Include="src\dl_creationinterface.h">
      <Filter>Header Files</Filter>
    </ClInclude>
    <ClInclude Include="src\dl_dxf.h">
      <Filter>Header Files</Filter>
    </ClInclude>
    <ClInclude Include="src\dl_entities.h">
      <Filter>Header Files</Filter>
    </ClInclude>
    <ClInclude Include="src\dl_exception.h">
      <Filter>Header Files</Filter>
    </ClInclude>
    <ClInclude Include="src\dl_extrusion.h">
      <Filter>Header Files</Filter>
    </ClInclude>
    <ClInclude Include="src\dl_global.h">
      <Filter>Header Files</Filter>
    </ClInclude>
    <ClInclude Include="src\dl_writer.h">
      <Filter>Header Files</Filter>
    </ClInclude>
    <ClInclude Include="src\dl_writer_ascii.h">
      <Filter>Header Files</Filter>
    </ClInclude>
    <ClInclude Include="N_dl_import.h">
      <Filter>Header Files</Filter>
    </ClInclude>
  </ItemGroup>
</Project>