<?xml version="1.0" encoding="utf-8"?>
<Project ToolsVersion="4.0" xmlns="http://schemas.microsoft.com/developer/msbuild/2003">
  <ItemGroup>
    <Filter Include="Source Files">
      <UniqueIdentifier>{e68b3396-8f42-4344-b373-44f0ff2ad646}</UniqueIdentifier>
      <Extensions>cpp;c;cxx;rc;def;r;odl;idl;hpj;bat</Extensions>
    </Filter>
    <Filter Include="Header Files">
      <UniqueIdentifier>{7f95cd05-8bfc-42bc-977f-1d2b22f57daf}</UniqueIdentifier>
      <Extensions>h;hpp;hxx;hm;inl</Extensions>
    </Filter>
    <Filter Include="Resource Files">
      <UniqueIdentifier>{7f18947a-816d-454f-8dc5-b5b1037c97be}</UniqueIdentifier>
      <Extensions>ico;cur;bmp;dlg;rc2;rct;bin;rgs;gif;jpg;jpeg;jpe</Extensions>
    </Filter>
    <Filter Include="GridCtrl">
      <UniqueIdentifier>{d43ec626-2cbc-440d-818f-5bc836187ca4}</UniqueIdentifier>
    </Filter>
  </ItemGroup>
  <ItemGroup>
    <ClCompile Include="BProgram.cpp">
      <Filter>Source Files</Filter>
    </ClCompile>
    <ClCompile Include="BRangePos.cpp">
      <Filter>Source Files</Filter>
    </ClCompile>
    <ClCompile Include="GotoMarks.cpp">
      <Filter>Source Files</Filter>
    </ClCompile>
    <ClCompile Include="NAnalyseState.cpp">
      <Filter>Source Files</Filter>
    </ClCompile>
    <ClCompile Include="NBreakpointDlg.cpp">
      <Filter>Source Files</Filter>
    </ClCompile>
    <ClCompile Include="NCadr.cpp">
      <Filter>Source Files</Filter>
    </ClCompile>
    <ClCompile Include="NChamfer.cpp">
      <Filter>Source Files</Filter>
    </ClCompile>
    <ClCompile Include="NColorButton.cpp">
      <Filter>Source Files</Filter>
    </ClCompile>
    <ClCompile Include="NCoordLimits.cpp">
      <Filter>Source Files</Filter>
    </ClCompile>
    <ClCompile Include="NCPar.cpp">
      <Filter>Source Files</Filter>
    </ClCompile>
    <ClCompile Include="NCStatic.cpp">
      <Filter>Source Files</Filter>
    </ClCompile>
    <ClCompile Include="NCUnitState.cpp">
      <Filter>Source Files</Filter>
    </ClCompile>
    <ClCompile Include="NCycle.cpp">
      <Filter>Source Files</Filter>
    </ClCompile>
    <ClCompile Include="NDraftCode.cpp">
      <Filter>Source Files</Filter>
    </ClCompile>
    <ClCompile Include="NFavorConcepts.cpp">
      <Filter>Source Files</Filter>
    </ClCompile>
    <ClCompile Include="NFloatEdit.cpp">
      <Filter>Source Files</Filter>
    </ClCompile>
    <ClCompile Include="NHHApprCycle.cpp">
      <Filter>Source Files</Filter>
    </ClCompile>
    <ClCompile Include="NLineWidthCtrl.cpp">
      <Filter>Source Files</Filter>
    </ClCompile>
    <ClCompile Include="NMillCircCycle.cpp">
      <Filter>Source Files</Filter>
    </ClCompile>
    <ClCompile Include="NMillCircInCycle.cpp">
      <Filter>Source Files</Filter>
    </ClCompile>
    <ClCompile Include="NMillContCycle.cpp">
      <Filter>Source Files</Filter>
    </ClCompile>
    <ClCompile Include="NMillRectCycle.cpp">
      <Filter>Source Files</Filter>
    </ClCompile>
    <ClCompile Include="NMillRectInCycle.cpp">
      <Filter>Source Files</Filter>
    </ClCompile>
    <ClCompile Include="NMillRectOutCycle.cpp">
      <Filter>Source Files</Filter>
    </ClCompile>
    <ClCompile Include="NMirrorRotate.cpp">
      <Filter>Source Files</Filter>
    </ClCompile>
    <ClCompile Include="NMultiCounter.cpp">
      <Filter>Source Files</Filter>
    </ClCompile>
    <ClCompile Include="NProgError.cpp">
      <Filter>Source Files</Filter>
    </ClCompile>
    <ClCompile Include="NPtsArray.cpp">
      <Filter>Source Files</Filter>
    </ClCompile>
    <ClCompile Include="NRemoteManager.cpp">
      <Filter>Source Files</Filter>
    </ClCompile>
    <ClCompile Include="NReportCtrl.cpp">
      <Filter>Source Files</Filter>
    </ClCompile>
    <ClCompile Include="NStateRegsCtrl.cpp">
      <Filter>Source Files</Filter>
    </ClCompile>
    <ClCompile Include="NToolID.cpp">
      <Filter>Source Files</Filter>
    </ClCompile>
    <ClCompile Include="NTurnCutCycle.cpp">
      <Filter>Source Files</Filter>
    </ClCompile>
    <ClCompile Include="NTurnCutRoughCycle.cpp">
      <Filter>Source Files</Filter>
    </ClCompile>
    <ClCompile Include="NTurnCycle.cpp">
      <Filter>Source Files</Filter>
    </ClCompile>
    <ClCompile Include="NTurnCycleBas.cpp">
      <Filter>Source Files</Filter>
    </ClCompile>
    <ClCompile Include="NTurnGroovCycle.cpp">
      <Filter>Source Files</Filter>
    </ClCompile>
    <ClCompile Include="NTurnThreadACycle.cpp">
      <Filter>Source Files</Filter>
    </ClCompile>
    <ClCompile Include="NTurnThreadCutCycle.cpp">
      <Filter>Source Files</Filter>
    </ClCompile>
    <ClCompile Include="NTurnThreadCycle.cpp">
      <Filter>Source Files</Filter>
    </ClCompile>
    <ClCompile Include="NUnitCompDlg.cpp">
      <Filter>Source Files</Filter>
    </ClCompile>
    <ClCompile Include="NUnitNameDlg.cpp">
      <Filter>Source Files</Filter>
    </ClCompile>
    <ClCompile Include="NUnitStartStateDlgs.cpp">
      <Filter>Source Files</Filter>
    </ClCompile>
    <ClCompile Include="NUnitTurnCompDlg.cpp">
      <Filter>Source Files</Filter>
    </ClCompile>
    <ClCompile Include="nunitucsdlg.cpp">
      <Filter>Source Files</Filter>
    </ClCompile>
    <ClCompile Include="NUnitWeldDlg.cpp">
      <Filter>Source Files</Filter>
    </ClCompile>
    <ClCompile Include="NUSpindle.cpp">
      <Filter>Source Files</Filter>
    </ClCompile>
    <ClCompile Include="NWeldCadr.cpp">
      <Filter>Source Files</Filter>
    </ClCompile>
    <ClCompile Include="SpecCheck.cpp">
      <Filter>Source Files</Filter>
    </ClCompile>
    <ClCompile Include="StdAfx.cpp">
      <Filter>Source Files</Filter>
    </ClCompile>
    <ClCompile Include="UnitS.cpp">
      <Filter>Source Files</Filter>
    </ClCompile>
    <ClCompile Include="UnitSConst.cpp">
      <Filter>Source Files</Filter>
    </ClCompile>
    <ClCompile Include="..\Source\GridCtrl\GridCell.cpp">
      <Filter>GridCtrl</Filter>
    </ClCompile>
    <ClCompile Include="..\Source\GridCtrl\GridCellBase.cpp">
      <Filter>GridCtrl</Filter>
    </ClCompile>
    <ClCompile Include="..\Source\GridCtrl\GridCtrl.cpp">
      <Filter>GridCtrl</Filter>
    </ClCompile>
    <ClCompile Include="..\Source\GridCtrl\GridDropTarget.cpp">
      <Filter>GridCtrl</Filter>
    </ClCompile>
    <ClCompile Include="..\Source\GridCtrl\InPlaceEdit.cpp">
      <Filter>GridCtrl</Filter>
    </ClCompile>
    <ClCompile Include="..\Source\GridCtrl\TitleTip.cpp">
      <Filter>GridCtrl</Filter>
    </ClCompile>
    <ClCompile Include="NCStatesHist.cpp">
      <Filter>Source Files</Filter>
    </ClCompile>
    <ClCompile Include="NCallStack.cpp">
      <Filter>Source Files</Filter>
    </ClCompile>
    <ClCompile Include="NMillCycle.cpp">
      <Filter>Source Files</Filter>
    </ClCompile>
    <ClCompile Include="NMillDrillCycle.cpp">
      <Filter>Source Files</Filter>
    </ClCompile>
    <ClCompile Include="NThreadingTapCycle.cpp">
      <Filter>Source Files</Filter>
    </ClCompile>
    <ClCompile Include="..\Source\GridCtrl\GridCellNumeric.cpp">
      <Filter>GridCtrl</Filter>
    </ClCompile>
    <ClCompile Include="..\Source\GridCtrl\GridCellCheck.cpp">
      <Filter>Source Files</Filter>
    </ClCompile>
    <ClCompile Include="MTCompensations.cpp">
      <Filter>Source Files</Filter>
    </ClCompile>
    <ClCompile Include="NMapToolID2Double.cpp">
      <Filter>Source Files</Filter>
    </ClCompile>
    <ClCompile Include="BRegsMap.cpp">
      <Filter>Source Files</Filter>
    </ClCompile>
    <ClCompile Include="NVarSet.cpp">
      <Filter>Source Files</Filter>
    </ClCompile>
    <ClCompile Include="NUCSs.cpp">
      <Filter>Source Files</Filter>
    </ClCompile>
    <ClCompile Include="NGridCellExp.cpp">
      <Filter>Source Files</Filter>
    </ClCompile>
    <ClCompile Include="NExprEdit.cpp">
      <Filter>Source Files</Filter>
    </ClCompile>
    <ClCompile Include="MNEvalExp.cpp">
      <Filter>Source Files</Filter>
    </ClCompile>
    <ClCompile Include="NSyncCheckPoints.cpp">
      <Filter>Source Files</Filter>
    </ClCompile>
    <ClCompile Include="NEvalStopCrit.cpp">
      <Filter>Source Files</Filter>
    </ClCompile>
    <ClCompile Include="NAutoToolGenParams.cpp">
      <Filter>Source Files</Filter>
    </ClCompile>
    <ClCompile Include="MListCtrl.cpp">
      <Filter>Source Files</Filter>
    </ClCompile>
    <ClCompile Include="MTreeCtrl.cpp">
      <Filter>Source Files</Filter>
    </ClCompile>
    <ClCompile Include="BProgErrHandler.cpp">
      <Filter>Source Files</Filter>
    </ClCompile>
    <ClCompile Include="ProgGroupMarks.cpp">
      <Filter>Source Files</Filter>
    </ClCompile>
  </ItemGroup>
  <ItemGroup>
    <None Include="UnitS.def">
      <Filter>Source Files</Filter>
    </None>
    <None Include="ReadMe.txt" />
  </ItemGroup>
  <ItemGroup>
    <ResourceCompile Include="UnitS_RE.rc">
      <Filter>Source Files</Filter>
    </ResourceCompile>
  </ItemGroup>
  <ItemGroup>
    <ClInclude Include="..\Common\BProgram.h">
      <Filter>Header Files</Filter>
    </ClInclude>
    <ClInclude Include="..\Common\BRangePos.h">
      <Filter>Header Files</Filter>
    </ClInclude>
    <ClInclude Include="ConstDef.h">
      <Filter>Header Files</Filter>
    </ClInclude>
    <ClInclude Include="..\Common\GotoMarks.h">
      <Filter>Header Files</Filter>
    </ClInclude>
    <ClInclude Include="..\Common\NAnalyseState.h">
      <Filter>Header Files</Filter>
    </ClInclude>
    <ClInclude Include="..\Common\NBreakpointDlg.h">
      <Filter>Header Files</Filter>
    </ClInclude>
    <ClInclude Include="..\Common\NCadr.h">
      <Filter>Header Files</Filter>
    </ClInclude>
    <ClInclude Include="..\Common\NChamfer.h">
      <Filter>Header Files</Filter>
    </ClInclude>
    <ClInclude Include="..\Common\NColorButton.h">
      <Filter>Header Files</Filter>
    </ClInclude>
    <ClInclude Include="..\Common\NCoordLimits.h">
      <Filter>Header Files</Filter>
    </ClInclude>
    <ClInclude Include="..\Common\NCPar.h">
      <Filter>Header Files</Filter>
    </ClInclude>
    <ClInclude Include="..\Common\NCStatic.h">
      <Filter>Header Files</Filter>
    </ClInclude>
    <ClInclude Include="..\Common\NCUnitState.h">
      <Filter>Header Files</Filter>
    </ClInclude>
    <ClInclude Include="..\Common\NCycle.h">
      <Filter>Header Files</Filter>
    </ClInclude>
    <ClInclude Include="..\Common\NDraftCode.h">
      <Filter>Header Files</Filter>
    </ClInclude>
    <ClInclude Include="..\Common\NFavorConcepts.h">
      <Filter>Header Files</Filter>
    </ClInclude>
    <ClInclude Include="..\Common\NHHApprCycle.h">
      <Filter>Header Files</Filter>
    </ClInclude>
    <ClInclude Include="..\Common\NLineWidthCtrl.h">
      <Filter>Header Files</Filter>
    </ClInclude>
    <ClInclude Include="..\Common\NMillCircCycle.h">
      <Filter>Header Files</Filter>
    </ClInclude>
    <ClInclude Include="..\Common\NMillCircInCycle.h">
      <Filter>Header Files</Filter>
    </ClInclude>
    <ClInclude Include="..\Common\NMillContCycle.h">
      <Filter>Header Files</Filter>
    </ClInclude>
    <ClInclude Include="..\Common\NMillRectCycle.h">
      <Filter>Header Files</Filter>
    </ClInclude>
    <ClInclude Include="..\Common\NMillRectInCycle.h">
      <Filter>Header Files</Filter>
    </ClInclude>
    <ClInclude Include="..\Common\NMillRectOutCycle.h">
      <Filter>Header Files</Filter>
    </ClInclude>
    <ClInclude Include="..\Common\NMirrorRotate.h">
      <Filter>Header Files</Filter>
    </ClInclude>
    <ClInclude Include="..\Common\NMultiCounter.h">
      <Filter>Header Files</Filter>
    </ClInclude>
    <ClInclude Include="..\Common\NProgError.h">
      <Filter>Header Files</Filter>
    </ClInclude>
    <ClInclude Include="NPtsArray.h">
      <Filter>Header Files</Filter>
    </ClInclude>
    <ClInclude Include="..\Common\NRemoteManager.h">
      <Filter>Header Files</Filter>
    </ClInclude>
    <ClInclude Include="..\Common\NReportCtrl.h">
      <Filter>Header Files</Filter>
    </ClInclude>
    <ClInclude Include="..\Common\NStateRegsCtrl.h">
      <Filter>Header Files</Filter>
    </ClInclude>
    <ClInclude Include="..\Common\NToolID.h">
      <Filter>Header Files</Filter>
    </ClInclude>
    <ClInclude Include="..\Common\NTurnCutCycle.h">
      <Filter>Header Files</Filter>
    </ClInclude>
    <ClInclude Include="..\Common\NTurnCutRoughCycle.h">
      <Filter>Header Files</Filter>
    </ClInclude>
    <ClInclude Include="..\Common\NTurnCycle.h">
      <Filter>Header Files</Filter>
    </ClInclude>
    <ClInclude Include="..\Common\NTurnCycleBas.h">
      <Filter>Header Files</Filter>
    </ClInclude>
    <ClInclude Include="..\Common\NTurnGroovCycle.h">
      <Filter>Header Files</Filter>
    </ClInclude>
    <ClInclude Include="..\Common\NTurnThreadACycle.h">
      <Filter>Header Files</Filter>
    </ClInclude>
    <ClInclude Include="..\Common\NTurnThreadCutCycle.h">
      <Filter>Header Files</Filter>
    </ClInclude>
    <ClInclude Include="..\Common\NTurnThreadCycle.h">
      <Filter>Header Files</Filter>
    </ClInclude>
    <ClInclude Include="NUnitCompDlg.h">
      <Filter>Header Files</Filter>
    </ClInclude>
    <ClInclude Include="..\Common\NUnitNameDlg.h">
      <Filter>Header Files</Filter>
    </ClInclude>
    <ClInclude Include="NUnitStartStateDlgs.h">
      <Filter>Header Files</Filter>
    </ClInclude>
    <ClInclude Include="NUnitTurnCompDlg.h">
      <Filter>Header Files</Filter>
    </ClInclude>
    <ClInclude Include="nunitucsdlg.h">
      <Filter>Header Files</Filter>
    </ClInclude>
    <ClInclude Include="NUnitWeldDlg.h">
      <Filter>Header Files</Filter>
    </ClInclude>
    <ClInclude Include="..\Common\NUSpindle.h">
      <Filter>Header Files</Filter>
    </ClInclude>
    <ClInclude Include="..\Common\NWeldCadr.h">
      <Filter>Header Files</Filter>
    </ClInclude>
    <ClInclude Include="StdAfx.h">
      <Filter>Header Files</Filter>
    </ClInclude>
    <ClInclude Include="..\Common\UNITS_API.h">
      <Filter>Header Files</Filter>
    </ClInclude>
    <ClInclude Include="..\Common\UnitSConst.h">
      <Filter>Header Files</Filter>
    </ClInclude>
    <ClInclude Include="..\Source\GridCtrl\CellRange.h">
      <Filter>GridCtrl</Filter>
    </ClInclude>
    <ClInclude Include="..\Source\GridCtrl\GridCell.h">
      <Filter>GridCtrl</Filter>
    </ClInclude>
    <ClInclude Include="..\Source\GridCtrl\GridCellBase.h">
      <Filter>GridCtrl</Filter>
    </ClInclude>
    <ClInclude Include="..\Source\GridCtrl\GridCtrl.h">
      <Filter>GridCtrl</Filter>
    </ClInclude>
    <ClInclude Include="..\Source\GridCtrl\GridDropTarget.h">
      <Filter>GridCtrl</Filter>
    </ClInclude>
    <ClInclude Include="..\Source\GridCtrl\InPlaceEdit.h">
      <Filter>GridCtrl</Filter>
    </ClInclude>
    <ClInclude Include="..\Source\GridCtrl\MemDC.h">
      <Filter>GridCtrl</Filter>
    </ClInclude>
    <ClInclude Include="..\Source\GridCtrl\TitleTip.h">
      <Filter>GridCtrl</Filter>
    </ClInclude>
    <ClInclude Include="..\common\NCStatesHist.h">
      <Filter>Header Files</Filter>
    </ClInclude>
    <ClInclude Include="..\Common\NCallStack.h">
      <Filter>Header Files</Filter>
    </ClInclude>
    <ClInclude Include="..\common\NMillDrillCycle.h">
      <Filter>Header Files</Filter>
    </ClInclude>
    <ClInclude Include="..\Common\NMillCycle.h">
      <Filter>Header Files</Filter>
    </ClInclude>
    <ClInclude Include="..\Common\NThreadingTapCycle.h">
      <Filter>Header Files</Filter>
    </ClInclude>
    <ClInclude Include="..\Source\GridCtrl\GridCellNumeric.h">
      <Filter>GridCtrl</Filter>
    </ClInclude>
    <ClInclude Include="..\Source\GridCtrl\GridCellCheck.h">
      <Filter>Source Files</Filter>
    </ClInclude>
    <ClInclude Include="..\Common\MTCompensations.h">
      <Filter>Header Files</Filter>
    </ClInclude>
    <ClInclude Include="..\Common\NFloatEdit.h">
      <Filter>Header Files</Filter>
    </ClInclude>
    <ClInclude Include="NMapToolID2Double.h">
      <Filter>Header Files</Filter>
    </ClInclude>
    <ClInclude Include="..\common\BRegsMap.h">
      <Filter>Header Files</Filter>
    </ClInclude>
    <ClInclude Include="..\Common\NCUnitStatePrev.h">
      <Filter>Header Files</Filter>
    </ClInclude>
    <ClInclude Include="..\Common\NCUnitStatePrevGeom.h">
      <Filter>Header Files</Filter>
    </ClInclude>
    <ClInclude Include="..\common\NVarSet.h">
      <Filter>Header Files</Filter>
    </ClInclude>
    <ClInclude Include="..\common\NUCSs.h">
      <Filter>Header Files</Filter>
    </ClInclude>
    <ClInclude Include="..\common\NGridCellExp.h">
      <Filter>Header Files</Filter>
    </ClInclude>
    <ClInclude Include="..\Common\NExprEdit.h">
      <Filter>Header Files</Filter>
    </ClInclude>
    <ClInclude Include="..\Common\MNEvalExp.h">
      <Filter>Header Files</Filter>
    </ClInclude>
    <ClInclude Include="..\common\NSyncCheckPoints.h">
      <Filter>Header Files</Filter>
    </ClInclude>
    <ClInclude Include="..\common\NEvalStopCrit.h">
      <Filter>Header Files</Filter>
    </ClInclude>
    <ClInclude Include="..\common\NAutoToolGenParams.h">
      <Filter>Header Files</Filter>
    </ClInclude>
    <ClInclude Include="..\common\MListCtrl.h">
      <Filter>Header Files</Filter>
    </ClInclude>
    <ClInclude Include="..\common\MTreeCtrl.h">
      <Filter>Header Files</Filter>
    </ClInclude>
    <ClInclude Include="..\common\ProgGroupMarks.h">
      <Filter>Header Files</Filter>
    </ClInclude>
  </ItemGroup>
  <ItemGroup>
    <CustomBuild Include="Resource.h">
      <Filter>Header Files</Filter>
    </CustomBuild>
    <CustomBuild Include="SpecCheck.h">
      <Filter>Header Files</Filter>
    </CustomBuild>
  </ItemGroup>
</Project>