<?xml version="1.0" encoding="utf-8"?>
<Project ToolsVersion="4.0" xmlns="http://schemas.microsoft.com/developer/msbuild/2003">
  <ItemGroup>
    <Filter Include="Source Files">
      <UniqueIdentifier>{c011edee-b279-4d86-90a8-9df06b8c6fed}</UniqueIdentifier>
      <Extensions>cpp;c;cxx;rc;def;r;odl;idl;hpj;bat</Extensions>
    </Filter>
    <Filter Include="Header Files">
      <UniqueIdentifier>{426b6f44-3e51-46be-8c5c-201ee46805fe}</UniqueIdentifier>
      <Extensions>h;hpp;hxx;hm;inl</Extensions>
    </Filter>
    <Filter Include="Resource Files">
      <UniqueIdentifier>{a3dbe28e-4ff3-4b48-bb78-016fb0d91601}</UniqueIdentifier>
      <Extensions>ico;cur;bmp;dlg;rc2;rct;bin;rgs;gif;jpg;jpeg;jpe</Extensions>
    </Filter>
  </ItemGroup>
  <ItemGroup>
    <ClCompile Include="CMapStringToNStock.cpp">
      <Filter>Source Files</Filter>
    </ClCompile>
    <ClCompile Include="CrToolContour.cpp">
      <Filter>Source Files</Filter>
    </ClCompile>
    <ClCompile Include="GAnimateCadr.cpp">
      <Filter>Source Files</Filter>
    </ClCompile>
    <ClCompile Include="GAnimateCadrMill.cpp">
      <Filter>Source Files</Filter>
    </ClCompile>
    <ClCompile Include="GAnimateCadrRot.cpp">
      <Filter>Source Files</Filter>
    </ClCompile>
    <ClCompile Include="GDynamicCadr.cpp">
      <Filter>Source Files</Filter>
    </ClCompile>
    <ClCompile Include="GReRenderCadr.cpp">
      <Filter>Source Files</Filter>
    </ClCompile>
    <ClCompile Include="mtreectl.cpp">
      <Filter>Source Files</Filter>
    </ClCompile>
    <ClCompile Include="NCollSettingsDlg.cpp">
      <Filter>Source Files</Filter>
    </ClCompile>
    <ClCompile Include="NCTool.cpp">
      <Filter>Source Files</Filter>
    </ClCompile>
    <ClCompile Include="NCToolConst.cpp">
      <Filter>Source Files</Filter>
    </ClCompile>
    <ClCompile Include="NListCtrl.cpp">
      <Filter>Source Files</Filter>
    </ClCompile>
    <ClCompile Include="NMovableObj.cpp">
      <Filter>Source Files</Filter>
    </ClCompile>
    <ClCompile Include="NProgIntWalker.cpp">
      <Filter>Source Files</Filter>
    </ClCompile>
    <ClCompile Include="NProgWalker.cpp">
      <Filter>Source Files</Filter>
    </ClCompile>
    <ClCompile Include="NSectArrParams.cpp">
      <Filter>Source Files</Filter>
    </ClCompile>
    <ClCompile Include="NSectionSet.cpp">
      <Filter>Source Files</Filter>
    </ClCompile>
    <ClCompile Include="NSectionSetDyn.cpp">
      <Filter>Source Files</Filter>
    </ClCompile>
    <ClCompile Include="NSectSliderCtrl.cpp">
      <Filter>Source Files</Filter>
    </ClCompile>
    <ClCompile Include="NStock.cpp">
      <Filter>Source Files</Filter>
    </ClCompile>
    <ClCompile Include="NStockBar.cpp">
      <Filter>Source Files</Filter>
    </ClCompile>
    <ClCompile Include="NStockBox.cpp">
      <Filter>Source Files</Filter>
    </ClCompile>
    <ClCompile Include="NStockCont.cpp">
      <Filter>Source Files</Filter>
    </ClCompile>
    <ClCompile Include="NStockCyl.cpp">
      <Filter>Source Files</Filter>
    </ClCompile>
    <ClCompile Include="NStockSection.cpp">
      <Filter>Source Files</Filter>
    </ClCompile>
    <ClCompile Include="NStockSectionDlg.cpp">
      <Filter>Source Files</Filter>
    </ClCompile>
    <ClCompile Include="NStockStl.cpp">
      <Filter>Source Files</Filter>
    </ClCompile>
    <ClCompile Include="NStockSweep.cpp">
      <Filter>Source Files</Filter>
    </ClCompile>
    <ClCompile Include="NToolBRound.cpp">
      <Filter>Source Files</Filter>
    </ClCompile>
    <ClCompile Include="NTool.cpp">
      <Filter>Source Files</Filter>
    </ClCompile>
    <ClCompile Include="NToolCombined.cpp">
      <Filter>Source Files</Filter>
    </ClCompile>
    <ClCompile Include="NToolCombinedMill.cpp">
      <Filter>Source Files</Filter>
    </ClCompile>
    <ClCompile Include="NToolCombinedTurn.cpp">
      <Filter>Source Files</Filter>
    </ClCompile>
    <ClCompile Include="NToolCombinedWeld.cpp">
      <Filter>Source Files</Filter>
    </ClCompile>
    <ClCompile Include="NToolDiskStd.cpp">
      <Filter>Source Files</Filter>
    </ClCompile>
    <ClCompile Include="NToolMill.cpp">
      <Filter>Source Files</Filter>
    </ClCompile>
    <ClCompile Include="NToolPalette.cpp">
      <Filter>Source Files</Filter>
    </ClCompile>
    <ClCompile Include="NToolPRect.cpp">
      <Filter>Source Files</Filter>
    </ClCompile>
    <ClCompile Include="NToolPunch.cpp">
      <Filter>Source Files</Filter>
    </ClCompile>
    <ClCompile Include="NToolsConCrMillPage.cpp">
      <Filter>Source Files</Filter>
    </ClCompile>
    <ClCompile Include="NToolsConCrPage.cpp">
      <Filter>Source Files</Filter>
    </ClCompile>
    <ClCompile Include="NToolsConCrSheet.cpp">
      <Filter>Source Files</Filter>
    </ClCompile>
    <ClCompile Include="NToolsConCrTurnPage.cpp">
      <Filter>Source Files</Filter>
    </ClCompile>
    <ClCompile Include="NToolsConCrWeldPage.cpp">
      <Filter>Source Files</Filter>
    </ClCompile>
    <ClCompile Include="NToolsCrAnglePage.cpp">
      <Filter>Source Files</Filter>
    </ClCompile>
    <ClCompile Include="NToolsCrAnglesPage.cpp">
      <Filter>Source Files</Filter>
    </ClCompile>
    <ClCompile Include="NToolsCrAptPage.cpp">
      <Filter>Source Files</Filter>
    </ClCompile>
    <ClCompile Include="NToolsCrBRoundPage.cpp">
      <Filter>Source Files</Filter>
    </ClCompile>
    <ClCompile Include="NToolsCrDial.cpp">
      <Filter>Source Files</Filter>
    </ClCompile>
    <ClCompile Include="NToolsCrDiskSheet.cpp">
      <Filter>Source Files</Filter>
    </ClCompile>
    <ClCompile Include="NToolsCrFasetPage.cpp">
      <Filter>Source Files</Filter>
    </ClCompile>
    <ClCompile Include="NToolsCrRoundPage.cpp">
      <Filter>Source Files</Filter>
    </ClCompile>
    <ClCompile Include="NToolsCrShapedPage.cpp">
      <Filter>Source Files</Filter>
    </ClCompile>
    <ClCompile Include="NToolsCrTBCirc.cpp">
      <Filter>Source Files</Filter>
    </ClCompile>
    <ClCompile Include="NToolsCrTBCut.cpp">
      <Filter>Source Files</Filter>
    </ClCompile>
    <ClCompile Include="NToolsCrTBISO.cpp">
      <Filter>Source Files</Filter>
    </ClCompile>
    <ClCompile Include="NToolsCrTBOut.cpp">
      <Filter>Source Files</Filter>
    </ClCompile>
    <ClCompile Include="NToolsCrTBThr.cpp">
      <Filter>Source Files</Filter>
    </ClCompile>
    <ClCompile Include="NToolsCrTHBar.cpp">
      <Filter>Source Files</Filter>
    </ClCompile>
    <ClCompile Include="NToolsCrTHCyl.cpp">
      <Filter>Source Files</Filter>
    </ClCompile>
    <ClCompile Include="NToolsCrTurn.cpp">
      <Filter>Source Files</Filter>
    </ClCompile>
    <ClCompile Include="NToolsCrTurnHoldSheet.cpp">
      <Filter>Source Files</Filter>
    </ClCompile>
    <ClCompile Include="NToolsCrTurnSheet.cpp">
      <Filter>Source Files</Filter>
    </ClCompile>
    <ClCompile Include="NToolsCrWeldPage.cpp">
      <Filter>Source Files</Filter>
    </ClCompile>
    <ClCompile Include="NToolsCrWeldSheet.cpp">
      <Filter>Source Files</Filter>
    </ClCompile>
    <ClCompile Include="NToolShaped.cpp">
      <Filter>Source Files</Filter>
    </ClCompile>
    <ClCompile Include="NToolStd.cpp">
      <Filter>Source Files</Filter>
    </ClCompile>
    <ClCompile Include="NToolStdCC.cpp">
      <Filter>Source Files</Filter>
    </ClCompile>
    <ClCompile Include="NToolTurn.cpp">
      <Filter>Source Files</Filter>
    </ClCompile>
    <ClCompile Include="NToolTurnBlade.cpp">
      <Filter>Source Files</Filter>
    </ClCompile>
    <ClCompile Include="NToolTurnBladeCirc.cpp">
      <Filter>Source Files</Filter>
    </ClCompile>
    <ClCompile Include="NToolTurnBladeCont.cpp">
      <Filter>Source Files</Filter>
    </ClCompile>
    <ClCompile Include="NToolTurnBladeCut.cpp">
      <Filter>Source Files</Filter>
    </ClCompile>
    <ClCompile Include="NToolTurnBladeISO.cpp">
      <Filter>Source Files</Filter>
    </ClCompile>
    <ClCompile Include="NToolTurnBladeMill.cpp">
      <Filter>Source Files</Filter>
    </ClCompile>
    <ClCompile Include="NToolTurnBladeOut.cpp">
      <Filter>Source Files</Filter>
    </ClCompile>
    <ClCompile Include="NToolTurnBladeThr.cpp">
      <Filter>Source Files</Filter>
    </ClCompile>
    <ClCompile Include="NToolTurnHolder.cpp">
      <Filter>Source Files</Filter>
    </ClCompile>
    <ClCompile Include="NToolTurnHolderBar.cpp">
      <Filter>Source Files</Filter>
    </ClCompile>
    <ClCompile Include="NToolTurnHolderCyl.cpp">
      <Filter>Source Files</Filter>
    </ClCompile>
    <ClCompile Include="NToolWeld.cpp">
      <Filter>Source Files</Filter>
    </ClCompile>
    <ClCompile Include="NWeldPart.cpp">
      <Filter>Source Files</Filter>
    </ClCompile>
    <ClCompile Include="StdAfx.cpp">
      <Filter>Source Files</Filter>
    </ClCompile>
    <ClCompile Include="TFascia.cpp">
      <Filter>Source Files</Filter>
    </ClCompile>
    <ClCompile Include="NToolTurnHolderSTL.cpp">
      <Filter>Source Files</Filter>
    </ClCompile>
    <ClCompile Include="NToolsCrTurnHoldSTLDlg.cpp">
      <Filter>Source Files</Filter>
    </ClCompile>
    <ClCompile Include="NStockSTLMillTurn.cpp">
      <Filter>Source Files</Filter>
    </ClCompile>
    <ClCompile Include="CStocksCollection.cpp">
      <Filter>Source Files</Filter>
    </ClCompile>
    <ClCompile Include="NTurnStockSkeleton.cpp">
      <Filter>Source Files</Filter>
    </ClCompile>
    <ClCompile Include="GAnimateCadrMillDX.cpp">
      <Filter>Source Files</Filter>
    </ClCompile>
    <ClCompile Include="NToolVert.cpp">
      <Filter>Source Files</Filter>
    </ClCompile>
    <ClCompile Include="NToolsCrBorePage.cpp">
      <Filter>Source Files</Filter>
    </ClCompile>
    <ClCompile Include="NStockOrigR.cpp">
      <Filter>Source Files</Filter>
    </ClCompile>
    <ClCompile Include="NCadrSpeedPar.cpp">
      <Filter>Source Files</Filter>
    </ClCompile>
    <ClCompile Include="NToolsCrCommonPage.cpp">
      <Filter>Source Files</Filter>
    </ClCompile>
    <ClCompile Include="NMendrelDial.cpp">
      <Filter>Source Files</Filter>
    </ClCompile>
    <ClCompile Include="NToolCommonSheet.cpp">
      <Filter>Source Files</Filter>
    </ClCompile>
    <ClCompile Include="NStockBSP.cpp">
      <Filter>Source Files</Filter>
    </ClCompile>
    <ClCompile Include="NStockSTLTurn.cpp">
      <Filter>Source Files</Filter>
    </ClCompile>
  </ItemGroup>
  <ItemGroup>
    <None Include="NCTool.def">
      <Filter>Source Files</Filter>
    </None>
  </ItemGroup>
  <ItemGroup>
    <ResourceCompile Include="NCTool_RE.rc">
      <Filter>Source Files</Filter>
    </ResourceCompile>
  </ItemGroup>
  <ItemGroup>
    <ClInclude Include="NToolsCrTurn.h">
      <Filter>Source Files</Filter>
    </ClInclude>
    <ClInclude Include="..\Common\CMapStringToNStock.h">
      <Filter>Header Files</Filter>
    </ClInclude>
    <ClInclude Include="ConstDef.h">
      <Filter>Header Files</Filter>
    </ClInclude>
    <ClInclude Include="..\Common\GAnimateCadr.h">
      <Filter>Header Files</Filter>
    </ClInclude>
    <ClInclude Include="..\Common\GAnimateCadrMill.h">
      <Filter>Header Files</Filter>
    </ClInclude>
    <ClInclude Include="..\Common\GAnimateCadrRot.h">
      <Filter>Header Files</Filter>
    </ClInclude>
    <ClInclude Include="..\Common\GDynamicCadr.h">
      <Filter>Header Files</Filter>
    </ClInclude>
    <ClInclude Include="..\Common\GReRenderCadr.h">
      <Filter>Header Files</Filter>
    </ClInclude>
    <ClInclude Include="..\Common\mtreectl.h">
      <Filter>Header Files</Filter>
    </ClInclude>
    <ClInclude Include="..\Common\NCollSettingsDlg.h">
      <Filter>Header Files</Filter>
    </ClInclude>
    <ClInclude Include="..\Common\NCToolConst.h">
      <Filter>Header Files</Filter>
    </ClInclude>
    <ClInclude Include="..\Common\NFloatEdit.h">
      <Filter>Header Files</Filter>
    </ClInclude>
    <ClInclude Include="..\Common\NListCtrl.h">
      <Filter>Header Files</Filter>
    </ClInclude>
    <ClInclude Include="..\Common\NMovableObj.h">
      <Filter>Header Files</Filter>
    </ClInclude>
    <ClInclude Include="..\Common\NProgIntWalker.h">
      <Filter>Header Files</Filter>
    </ClInclude>
    <ClInclude Include="..\Common\NProgWalker.h">
      <Filter>Header Files</Filter>
    </ClInclude>
    <ClInclude Include="..\Common\NSectArrParams.h">
      <Filter>Header Files</Filter>
    </ClInclude>
    <ClInclude Include="..\Common\NSectionSet.h">
      <Filter>Header Files</Filter>
    </ClInclude>
    <ClInclude Include="..\Common\NSectionSetDyn.h">
      <Filter>Header Files</Filter>
    </ClInclude>
    <ClInclude Include="NSectSliderCtrl.h">
      <Filter>Header Files</Filter>
    </ClInclude>
    <ClInclude Include="..\Common\NStock.h">
      <Filter>Header Files</Filter>
    </ClInclude>
    <ClInclude Include="..\Common\NStockBar.h">
      <Filter>Header Files</Filter>
    </ClInclude>
    <ClInclude Include="..\Common\NStockBox.h">
      <Filter>Header Files</Filter>
    </ClInclude>
    <ClInclude Include="..\Common\NStockCont.h">
      <Filter>Header Files</Filter>
    </ClInclude>
    <ClInclude Include="..\Common\NStockCyl.h">
      <Filter>Header Files</Filter>
    </ClInclude>
    <ClInclude Include="..\Common\NStockSection.h">
      <Filter>Header Files</Filter>
    </ClInclude>
    <ClInclude Include="NStockSectionDlg.h">
      <Filter>Header Files</Filter>
    </ClInclude>
    <ClInclude Include="..\Common\NStockStl.h">
      <Filter>Header Files</Filter>
    </ClInclude>
    <ClInclude Include="..\Common\NStockSweep.h">
      <Filter>Header Files</Filter>
    </ClInclude>
    <ClInclude Include="..\Common\NTool.h">
      <Filter>Header Files</Filter>
    </ClInclude>
    <ClInclude Include="..\Common\NToolBRound.h">
      <Filter>Header Files</Filter>
    </ClInclude>
    <ClInclude Include="..\Common\NToolCombined.h">
      <Filter>Header Files</Filter>
    </ClInclude>
    <ClInclude Include="..\Common\NToolCombinedMill.h">
      <Filter>Header Files</Filter>
    </ClInclude>
    <ClInclude Include="..\Common\NToolCombinedTurn.h">
      <Filter>Header Files</Filter>
    </ClInclude>
    <ClInclude Include="..\Common\NToolCombinedWeld.h">
      <Filter>Header Files</Filter>
    </ClInclude>
    <ClInclude Include="..\Common\NToolDiskStd.h">
      <Filter>Header Files</Filter>
    </ClInclude>
    <ClInclude Include="..\Common\NToolMill.h">
      <Filter>Header Files</Filter>
    </ClInclude>
    <ClInclude Include="..\Common\NToolPalette.h">
      <Filter>Header Files</Filter>
    </ClInclude>
    <ClInclude Include="..\Common\NToolPRect.h">
      <Filter>Header Files</Filter>
    </ClInclude>
    <ClInclude Include="..\Common\NToolPunch.h">
      <Filter>Header Files</Filter>
    </ClInclude>
    <ClInclude Include="..\Common\NToolsConCrMillPage.h">
      <Filter>Header Files</Filter>
    </ClInclude>
    <ClInclude Include="..\Common\NToolsConCrPage.h">
      <Filter>Header Files</Filter>
    </ClInclude>
    <ClInclude Include="..\Common\NToolsConCrSheet.h">
      <Filter>Header Files</Filter>
    </ClInclude>
    <ClInclude Include="..\Common\NToolsConCrTurnPage.h">
      <Filter>Header Files</Filter>
    </ClInclude>
    <ClInclude Include="..\Common\NToolsConCrWeldPage.h">
      <Filter>Header Files</Filter>
    </ClInclude>
    <ClInclude Include="..\Common\NToolsCrAnglePage.h">
      <Filter>Header Files</Filter>
    </ClInclude>
    <ClInclude Include="..\Common\NToolsCrAnglesPage.h">
      <Filter>Header Files</Filter>
    </ClInclude>
    <ClInclude Include="..\Common\NToolsCrAptPage.h">
      <Filter>Header Files</Filter>
    </ClInclude>
    <ClInclude Include="..\Common\NToolsCrBRoundPage.h">
      <Filter>Header Files</Filter>
    </ClInclude>
    <ClInclude Include="..\Common\NToolsCrDial.h">
      <Filter>Header Files</Filter>
    </ClInclude>
    <ClInclude Include="..\Common\NToolsCrDiskSheet.h">
      <Filter>Header Files</Filter>
    </ClInclude>
    <ClInclude Include="..\Common\NToolsCrFasetPage.h">
      <Filter>Header Files</Filter>
    </ClInclude>
    <ClInclude Include="..\Common\ntoolscrpunchdial.h">
      <Filter>Header Files</Filter>
    </ClInclude>
    <ClInclude Include="..\Common\NToolsCrRoundPage.h">
      <Filter>Header Files</Filter>
    </ClInclude>
    <ClInclude Include="..\Common\NToolsCrShapedPage.h">
      <Filter>Header Files</Filter>
    </ClInclude>
    <ClInclude Include="NToolsCrTBCirc.h">
      <Filter>Header Files</Filter>
    </ClInclude>
    <ClInclude Include="NToolsCrTBCut.h">
      <Filter>Header Files</Filter>
    </ClInclude>
    <ClInclude Include="NToolsCrTBISO.h">
      <Filter>Header Files</Filter>
    </ClInclude>
    <ClInclude Include="NToolsCrTBOut.h">
      <Filter>Header Files</Filter>
    </ClInclude>
    <ClInclude Include="NToolsCrTBThr.h">
      <Filter>Header Files</Filter>
    </ClInclude>
    <ClInclude Include="NToolsCrTHBar.h">
      <Filter>Header Files</Filter>
    </ClInclude>
    <ClInclude Include="NToolsCrTHCyl.h">
      <Filter>Header Files</Filter>
    </ClInclude>
    <ClInclude Include="..\Common\NToolsCrTurnHoldSheet.h">
      <Filter>Header Files</Filter>
    </ClInclude>
    <ClInclude Include="..\Common\NToolsCrTurnSheet.h">
      <Filter>Header Files</Filter>
    </ClInclude>
    <ClInclude Include="..\Common\NToolsCrWeldPage.h">
      <Filter>Header Files</Filter>
    </ClInclude>
    <ClInclude Include="..\Common\NToolsCrWeldSheet.h">
      <Filter>Header Files</Filter>
    </ClInclude>
    <ClInclude Include="..\Common\NToolShaped.h">
      <Filter>Header Files</Filter>
    </ClInclude>
    <ClInclude Include="..\Common\NToolStd.h">
      <Filter>Header Files</Filter>
    </ClInclude>
    <ClInclude Include="..\Common\NToolStdCC.h">
      <Filter>Header Files</Filter>
    </ClInclude>
    <ClInclude Include="..\Common\NToolTurn.h">
      <Filter>Header Files</Filter>
    </ClInclude>
    <ClInclude Include="..\Common\NToolTurnBlade.h">
      <Filter>Header Files</Filter>
    </ClInclude>
    <ClInclude Include="..\Common\NToolTurnBladeCirc.h">
      <Filter>Header Files</Filter>
    </ClInclude>
    <ClInclude Include="..\Common\NToolTurnBladeCont.h">
      <Filter>Header Files</Filter>
    </ClInclude>
    <ClInclude Include="..\Common\NToolTurnBladeCut.h">
      <Filter>Header Files</Filter>
    </ClInclude>
    <ClInclude Include="..\Common\NToolTurnBladeISO.h">
      <Filter>Header Files</Filter>
    </ClInclude>
    <ClInclude Include="..\Common\NToolTurnBladeMill.h">
      <Filter>Header Files</Filter>
    </ClInclude>
    <ClInclude Include="..\Common\NToolTurnBladeOut.h">
      <Filter>Header Files</Filter>
    </ClInclude>
    <ClInclude Include="..\Common\NToolTurnBladeThr.h">
      <Filter>Header Files</Filter>
    </ClInclude>
    <ClInclude Include="..\Common\NToolTurnHolder.h">
      <Filter>Header Files</Filter>
    </ClInclude>
    <ClInclude Include="..\Common\NToolTurnHolderBar.h">
      <Filter>Header Files</Filter>
    </ClInclude>
    <ClInclude Include="..\Common\NToolTurnHolderCyl.h">
      <Filter>Header Files</Filter>
    </ClInclude>
    <ClInclude Include="..\Common\NToolWeld.h">
      <Filter>Header Files</Filter>
    </ClInclude>
    <ClInclude Include="..\Common\NWeldPart.h">
      <Filter>Header Files</Filter>
    </ClInclude>
    <ClInclude Include="TFascia.h">
      <Filter>Header Files</Filter>
    </ClInclude>
    <ClInclude Include="..\Common\NToolTurnHolderSTL.h">
      <Filter>Header Files</Filter>
    </ClInclude>
    <ClInclude Include="NToolsCrTurnHoldSTLDlg.h">
      <Filter>Header Files</Filter>
    </ClInclude>
    <ClInclude Include="..\Common\NStockSTLMillTurn.h">
      <Filter>Header Files</Filter>
    </ClInclude>
    <ClInclude Include="..\Common\CStocksCollection.h">
      <Filter>Header Files</Filter>
    </ClInclude>
    <ClInclude Include="..\Common\NTurnStockSkeleton.h">
      <Filter>Header Files</Filter>
    </ClInclude>
    <ClInclude Include="..\Common\NCTOOL_API.h">
      <Filter>Header Files</Filter>
    </ClInclude>
    <ClInclude Include="..\common\GAnimateCadrMillDX.h">
      <Filter>Header Files</Filter>
    </ClInclude>
    <ClInclude Include="..\common\NToolVert.h">
      <Filter>Header Files</Filter>
    </ClInclude>
    <ClInclude Include="..\Common\NToolsCrBorePage.h">
      <Filter>Header Files</Filter>
    </ClInclude>
    <ClInclude Include="..\common\NStockOrigR.h">
      <Filter>Header Files</Filter>
    </ClInclude>
    <ClInclude Include="..\common\NCadrSpeedPar.h">
      <Filter>Header Files</Filter>
    </ClInclude>
    <ClInclude Include="..\common\NToolsCrCommonPage.h">
      <Filter>Header Files</Filter>
    </ClInclude>
    <ClInclude Include="..\Common\NMendrelDial.h">
      <Filter>Header Files</Filter>
    </ClInclude>
    <ClInclude Include="..\common\NToolCommonSheet.h">
      <Filter>Header Files</Filter>
    </ClInclude>
    <ClInclude Include="resource.h">
      <Filter>Header Files</Filter>
    </ClInclude>
    <ClInclude Include="..\Common\NStockBSP.h">
      <Filter>Header Files</Filter>
    </ClInclude>
    <ClInclude Include="..\Common\DocElements.h">
      <Filter>Header Files</Filter>
    </ClInclude>
    <ClInclude Include="..\common\NStockSTLTurn.h">
      <Filter>Header Files</Filter>
    </ClInclude>
  </ItemGroup>
</Project>