<?xml version="1.0" encoding="utf-8"?>
<Project ToolsVersion="4.0" xmlns="http://schemas.microsoft.com/developer/msbuild/2003">
  <ItemGroup>
    <Filter Include="Source Files">
      <UniqueIdentifier>{cf573280-f8b0-4f83-9e9e-e60d983da2c1}</UniqueIdentifier>
      <Extensions>cpp;c;cxx;rc;def;r;odl;idl;hpj;bat</Extensions>
    </Filter>
    <Filter Include="Header Files">
      <UniqueIdentifier>{c2248aeb-ac2a-4de9-9f6d-588951dae0ec}</UniqueIdentifier>
      <Extensions>h;hpp;hxx;hm;inl</Extensions>
    </Filter>
    <Filter Include="Resource Files">
      <UniqueIdentifier>{0100970d-5aa3-42f2-8dae-82e25ead5cdf}</UniqueIdentifier>
      <Extensions>ico;cur;bmp;dlg;rc2;rct;bin;rgs;gif;jpg;jpeg;jpe</Extensions>
    </Filter>
  </ItemGroup>
  <ItemGroup>
    <ClCompile Include="BSP_Model.cpp">
      <Filter>Source Files</Filter>
    </ClCompile>
    <ClCompile Include="BSP_ModelConst.cpp">
      <Filter>Source Files</Filter>
    </ClCompile>
    <ClCompile Include="DCollection.cpp">
      <Filter>Source Files</Filter>
    </ClCompile>
    <ClCompile Include="GBodyRender.cpp">
      <Filter>Source Files</Filter>
    </ClCompile>
    <ClCompile Include="GQuadRender.cpp">
      <Filter>Source Files</Filter>
    </ClCompile>
    <ClCompile Include="GQuadRenderMill.cpp">
      <Filter>Source Files</Filter>
    </ClCompile>
    <ClCompile Include="GQuadRenderRot.cpp">
      <Filter>Source Files</Filter>
    </ClCompile>
    <ClCompile Include="MBinTree.cpp">
      <Filter>Source Files</Filter>
    </ClCompile>
    <ClCompile Include="MBody.cpp">
      <Filter>Source Files</Filter>
    </ClCompile>
    <ClCompile Include="MBodyParams.cpp">
      <Filter>Source Files</Filter>
    </ClCompile>
    <ClCompile Include="MBSPForest.cpp">
      <Filter>Source Files</Filter>
    </ClCompile>
    <ClCompile Include="MBSPInter.cpp">
      <Filter>Source Files</Filter>
    </ClCompile>
    <ClCompile Include="MBSPMerge.cpp">
      <Filter>Source Files</Filter>
    </ClCompile>
    <ClCompile Include="MBSPNode.cpp">
      <Filter>Source Files</Filter>
    </ClCompile>
    <ClCompile Include="MBSPTree.cpp">
      <Filter>Source Files</Filter>
    </ClCompile>
    <ClCompile Include="MBSPUnion.cpp">
      <Filter>Source Files</Filter>
    </ClCompile>
    <ClCompile Include="MDivideTree.cpp">
      <Filter>Source Files</Filter>
    </ClCompile>
    <ClCompile Include="MElemIDProc.cpp">
      <Filter>Source Files</Filter>
    </ClCompile>
    <ClCompile Include="MFace.cpp">
      <Filter>Source Files</Filter>
    </ClCompile>
    <ClCompile Include="MInsertFace.cpp">
      <Filter>Source Files</Filter>
    </ClCompile>
    <ClCompile Include="MPlane.cpp">
      <Filter>Source Files</Filter>
    </ClCompile>
    <ClCompile Include="MQuadMask.cpp">
      <Filter>Source Files</Filter>
    </ClCompile>
    <ClCompile Include="MQuadTree.cpp">
      <Filter>Source Files</Filter>
    </ClCompile>
    <ClCompile Include="MQuadTreeRot.cpp">
      <Filter>Source Files</Filter>
    </ClCompile>
    <ClCompile Include="MQuadTreeSliced.cpp">
      <Filter>Source Files</Filter>
    </ClCompile>
    <ClCompile Include="MRay.cpp">
      <Filter>Source Files</Filter>
    </ClCompile>
    <ClCompile Include="MSLine.cpp">
      <Filter>Source Files</Filter>
    </ClCompile>
    <ClCompile Include="MStack.cpp">
      <Filter>Source Files</Filter>
    </ClCompile>
    <ClCompile Include="MStacks.cpp">
      <Filter>Source Files</Filter>
    </ClCompile>
    <ClCompile Include="MTreeNode.cpp">
      <Filter>Source Files</Filter>
    </ClCompile>
    <ClCompile Include="NAnimState.cpp">
      <Filter>Source Files</Filter>
    </ClCompile>
    <ClCompile Include="NContourOfTool.cpp">
      <Filter>Source Files</Filter>
    </ClCompile>
    <ClCompile Include="NMakeStdMesh.cpp">
      <Filter>Source Files</Filter>
    </ClCompile>
    <ClCompile Include="NParamMesh.cpp">
      <Filter>Source Files</Filter>
    </ClCompile>
    <ClCompile Include="NRectMesh.cpp">
      <Filter>Source Files</Filter>
    </ClCompile>
    <ClCompile Include="NTriMesh.cpp">
      <Filter>Source Files</Filter>
    </ClCompile>
    <ClCompile Include="QDivide.cpp">
      <Filter>Source Files</Filter>
    </ClCompile>
    <ClCompile Include="QDivideDlg.cpp">
      <Filter>Source Files</Filter>
    </ClCompile>
    <ClCompile Include="SOCone.cpp">
      <Filter>Source Files</Filter>
    </ClCompile>
    <ClCompile Include="SOCyl.cpp">
      <Filter>Source Files</Filter>
    </ClCompile>
    <ClCompile Include="SOECyl.cpp">
      <Filter>Source Files</Filter>
    </ClCompile>
    <ClCompile Include="SOPlane.cpp">
      <Filter>Source Files</Filter>
    </ClCompile>
    <ClCompile Include="SOrigSurf.cpp">
      <Filter>Source Files</Filter>
    </ClCompile>
    <ClCompile Include="SOScrew.cpp">
      <Filter>Source Files</Filter>
    </ClCompile>
    <ClCompile Include="SOScrewO.cpp">
      <Filter>Source Files</Filter>
    </ClCompile>
    <ClCompile Include="SOSphere.cpp">
      <Filter>Source Files</Filter>
    </ClCompile>
    <ClCompile Include="SOTorus.cpp">
      <Filter>Source Files</Filter>
    </ClCompile>
    <ClCompile Include="StdAfx.cpp">
      <Filter>Source Files</Filter>
    </ClCompile>
    <ClCompile Include="DXModel.cpp">
      <Filter>Source Files</Filter>
    </ClCompile>
    <ClCompile Include="DXSubModel.cpp">
      <Filter>Source Files</Filter>
    </ClCompile>
    <ClCompile Include="DXDirection.cpp">
      <Filter>Source Files</Filter>
    </ClCompile>
    <ClCompile Include="MQuadBody.cpp">
      <Filter>Source Files</Filter>
    </ClCompile>
    <ClCompile Include="DXMemory.cpp">
      <Filter>Source Files</Filter>
    </ClCompile>
    <ClCompile Include="DXSubModel5X.cpp">
      <Filter>Source Files</Filter>
    </ClCompile>
    <ClCompile Include="DXDirection5X.cpp">
      <Filter>Source Files</Filter>
    </ClCompile>
    <ClCompile Include="DXDirection3X.cpp">
      <Filter>Source Files</Filter>
    </ClCompile>
    <ClCompile Include="MBSPSubtr.cpp">
      <Filter>Source Files</Filter>
    </ClCompile>
    <ClCompile Include="GQuadRenderDX5X.cpp">
      <Filter>Source Files</Filter>
    </ClCompile>
    <ClCompile Include="DXPIterator.cpp">
      <Filter>Source Files</Filter>
    </ClCompile>
    <ClCompile Include="DXFinalCycle.cpp">
      <Filter>Source Files</Filter>
    </ClCompile>
    <ClCompile Include="DXMap.cpp">
      <Filter>Source Files</Filter>
    </ClCompile>
    <ClCompile Include="DXEdge.cpp">
      <Filter>Source Files</Filter>
    </ClCompile>
    <ClCompile Include="DXCell5X.cpp">
      <Filter>Source Files</Filter>
    </ClCompile>
    <ClCompile Include="DXRasterDisk.cpp">
      <Filter>Source Files</Filter>
    </ClCompile>
    <ClCompile Include="TBladeCont.cpp">
      <Filter>Source Files</Filter>
    </ClCompile>
    <ClCompile Include="TBladeEdge.cpp">
      <Filter>Source Files</Filter>
    </ClCompile>
    <ClCompile Include="MCubeMask.cpp">
      <Filter>Source Files</Filter>
    </ClCompile>
    <ClCompile Include="DXBigCell5X.cpp">
      <Filter>Source Files</Filter>
    </ClCompile>
    <ClCompile Include="MForestSave.cpp">
      <Filter>Source Files</Filter>
    </ClCompile>
    <ClCompile Include="CopyMap.cpp">
      <Filter>Source Files</Filter>
    </ClCompile>
    <ClCompile Include="NMeshArray.cpp">
      <Filter>Source Files</Filter>
    </ClCompile>
    <ClCompile Include="MLocStorage.cpp">
      <Filter>Source Files</Filter>
    </ClCompile>
    <ClCompile Include="MBodyPointInf.cpp">
      <Filter>Source Files</Filter>
    </ClCompile>
    <ClCompile Include="DXMaps.cpp">
      <Filter>Source Files</Filter>
    </ClCompile>
    <ClCompile Include="DXSharpEdge.cpp">
      <Filter>Source Files</Filter>
    </ClCompile>
    <ClCompile Include="QDivideBase.cpp">
      <Filter>Source Files</Filter>
    </ClCompile>
    <ClCompile Include="QDXDivide.cpp">
      <Filter>Source Files</Filter>
    </ClCompile>
  </ItemGroup>
  <ItemGroup>
    <None Include="BSP_Model.def">
      <Filter>Source Files</Filter>
    </None>
  </ItemGroup>
  <ItemGroup>
    <ResourceCompile Include="BSP_Model_RE.rc">
      <Filter>Source Files</Filter>
    </ResourceCompile>
  </ItemGroup>
  <ItemGroup>
    <ClInclude Include="..\Common\BSP_MODEL_API.h">
      <Filter>Header Files</Filter>
    </ClInclude>
    <ClInclude Include="..\Common\BSP_ModelConst.h">
      <Filter>Header Files</Filter>
    </ClInclude>
    <ClInclude Include="..\Common\DCollection.h">
      <Filter>Header Files</Filter>
    </ClInclude>
    <ClInclude Include="..\Common\GBodyRender.h">
      <Filter>Header Files</Filter>
    </ClInclude>
    <ClInclude Include="..\Common\glText.h">
      <Filter>Header Files</Filter>
    </ClInclude>
    <ClInclude Include="..\Common\GQuadRender.h">
      <Filter>Header Files</Filter>
    </ClInclude>
    <ClInclude Include="..\Common\GQuadRenderMill.h">
      <Filter>Header Files</Filter>
    </ClInclude>
    <ClInclude Include="..\Common\GQuadRenderRot.h">
      <Filter>Header Files</Filter>
    </ClInclude>
    <ClInclude Include="..\Common\MBinTree.h">
      <Filter>Header Files</Filter>
    </ClInclude>
    <ClInclude Include="..\Common\MBody.h">
      <Filter>Header Files</Filter>
    </ClInclude>
    <ClInclude Include="MBodyParams.h">
      <Filter>Header Files</Filter>
    </ClInclude>
    <ClInclude Include="..\Common\MBSPForest.h">
      <Filter>Header Files</Filter>
    </ClInclude>
    <ClInclude Include="..\Common\MBSPInter.h">
      <Filter>Header Files</Filter>
    </ClInclude>
    <ClInclude Include="..\Common\MBSPMerge.h">
      <Filter>Header Files</Filter>
    </ClInclude>
    <ClInclude Include="..\Common\MBSPNode.h">
      <Filter>Header Files</Filter>
    </ClInclude>
    <ClInclude Include="..\Common\MBSPTree.h">
      <Filter>Header Files</Filter>
    </ClInclude>
    <ClInclude Include="MBSPUnion.h">
      <Filter>Header Files</Filter>
    </ClInclude>
    <ClInclude Include="MDivideTree.h">
      <Filter>Header Files</Filter>
    </ClInclude>
    <ClInclude Include="..\Common\MElemIDProc.h">
      <Filter>Header Files</Filter>
    </ClInclude>
    <ClInclude Include="..\Common\MFace.h">
      <Filter>Header Files</Filter>
    </ClInclude>
    <ClInclude Include="MInsertFace.h">
      <Filter>Header Files</Filter>
    </ClInclude>
    <ClInclude Include="..\Common\MPlane.h">
      <Filter>Header Files</Filter>
    </ClInclude>
    <ClInclude Include="..\Common\MQuadTree.h">
      <Filter>Header Files</Filter>
    </ClInclude>
    <ClInclude Include="..\Common\MQuadTreeRot.h">
      <Filter>Header Files</Filter>
    </ClInclude>
    <ClInclude Include="..\Common\MQuadTreeSliced.h">
      <Filter>Header Files</Filter>
    </ClInclude>
    <ClInclude Include="..\Common\MRay.h">
      <Filter>Header Files</Filter>
    </ClInclude>
    <ClInclude Include="..\Common\MSLine.h">
      <Filter>Header Files</Filter>
    </ClInclude>
    <ClInclude Include="MStack.h">
      <Filter>Header Files</Filter>
    </ClInclude>
    <ClInclude Include="..\Common\MTreeNode.h">
      <Filter>Header Files</Filter>
    </ClInclude>
    <ClInclude Include="..\Common\NAnimState.h">
      <Filter>Header Files</Filter>
    </ClInclude>
    <ClInclude Include="..\Common\NContourOfTool.h">
      <Filter>Header Files</Filter>
    </ClInclude>
    <ClInclude Include="NDSizedAr.h">
      <Filter>Header Files</Filter>
    </ClInclude>
    <ClInclude Include="..\Common\NMakeStdMesh.h">
      <Filter>Header Files</Filter>
    </ClInclude>
    <ClInclude Include="..\Common\NMeshArray.h">
      <Filter>Header Files</Filter>
    </ClInclude>
    <ClInclude Include="..\Common\NParamMesh.h">
      <Filter>Header Files</Filter>
    </ClInclude>
    <ClInclude Include="..\Common\NRectMesh.h">
      <Filter>Header Files</Filter>
    </ClInclude>
    <ClInclude Include="..\Common\NTriMesh.h">
      <Filter>Header Files</Filter>
    </ClInclude>
    <ClInclude Include="..\Common\QDivide.h">
      <Filter>Header Files</Filter>
    </ClInclude>
    <ClInclude Include="..\common\QDivideDlg.h">
      <Filter>Header Files</Filter>
    </ClInclude>
    <ClInclude Include="..\Common\SOCone.h">
      <Filter>Header Files</Filter>
    </ClInclude>
    <ClInclude Include="..\Common\SOCyl.h">
      <Filter>Header Files</Filter>
    </ClInclude>
    <ClInclude Include="..\Common\SOECyl.h">
      <Filter>Header Files</Filter>
    </ClInclude>
    <ClInclude Include="..\Common\SOPlane.h">
      <Filter>Header Files</Filter>
    </ClInclude>
    <ClInclude Include="..\Common\SOrigSurf.h">
      <Filter>Header Files</Filter>
    </ClInclude>
    <ClInclude Include="..\Common\SOScrew.h">
      <Filter>Header Files</Filter>
    </ClInclude>
    <ClInclude Include="..\Common\SOScrewO.h">
      <Filter>Header Files</Filter>
    </ClInclude>
    <ClInclude Include="..\Common\SOSphere.h">
      <Filter>Header Files</Filter>
    </ClInclude>
    <ClInclude Include="..\Common\SOTorus.h">
      <Filter>Header Files</Filter>
    </ClInclude>
    <ClInclude Include="StdAfx.h">
      <Filter>Header Files</Filter>
    </ClInclude>
    <ClInclude Include="..\common\DXModel.h">
      <Filter>Header Files</Filter>
    </ClInclude>
    <ClInclude Include="..\common\DXSubModel.h">
      <Filter>Header Files</Filter>
    </ClInclude>
    <ClInclude Include="..\common\DXDirection.h">
      <Filter>Header Files</Filter>
    </ClInclude>
    <ClInclude Include="..\common\MQuadBody.h">
      <Filter>Header Files</Filter>
    </ClInclude>
    <ClInclude Include="..\Common\DXSubModel5X.h">
      <Filter>Header Files</Filter>
    </ClInclude>
    <ClInclude Include="..\Common\DXDirection5X.h">
      <Filter>Header Files</Filter>
    </ClInclude>
    <ClInclude Include="..\Common\DXDirection3X.h">
      <Filter>Header Files</Filter>
    </ClInclude>
    <ClInclude Include="..\Common\DXMemory.h">
      <Filter>Header Files</Filter>
    </ClInclude>
    <ClInclude Include="..\Common\MBSPSubtr.h">
      <Filter>Header Files</Filter>
    </ClInclude>
    <ClInclude Include="..\Common\GQuadRenderDX5X.h">
      <Filter>Header Files</Filter>
    </ClInclude>
    <ClInclude Include="..\common\DXPIterator.h">
      <Filter>Header Files</Filter>
    </ClInclude>
    <ClInclude Include="DXMap.h">
      <Filter>Header Files</Filter>
    </ClInclude>
    <ClInclude Include="..\Common\DXEdge.h">
      <Filter>Header Files</Filter>
    </ClInclude>
    <ClInclude Include="DXRasterDisk.h">
      <Filter>Header Files</Filter>
    </ClInclude>
    <ClInclude Include="..\Common\MQuadMask.h">
      <Filter>Header Files</Filter>
    </ClInclude>
    <ClInclude Include="..\Common\TBladeCont.h">
      <Filter>Header Files</Filter>
    </ClInclude>
    <ClInclude Include="..\Common\TBladeEdge.h">
      <Filter>Header Files</Filter>
    </ClInclude>
    <ClInclude Include="..\Common\MCubeMask.h">
      <Filter>Header Files</Filter>
    </ClInclude>
    <ClInclude Include="..\common\DXBigCell5X.h">
      <Filter>Header Files</Filter>
    </ClInclude>
    <ClInclude Include="DXCell5X.h">
      <Filter>Header Files</Filter>
    </ClInclude>
    <ClInclude Include="DXMemoryCell5X.h">
      <Filter>Header Files</Filter>
    </ClInclude>
    <ClInclude Include="..\Common\DXFinalCycle.h">
      <Filter>Header Files</Filter>
    </ClInclude>
    <ClInclude Include="MForestSave.h">
      <Filter>Header Files</Filter>
    </ClInclude>
    <ClInclude Include="CopyMap.h">
      <Filter>Header Files</Filter>
    </ClInclude>
    <ClInclude Include="..\common\MLocStorage.h">
      <Filter>Header Files</Filter>
    </ClInclude>
    <ClInclude Include="..\common\MBodyPointInf.h">
      <Filter>Header Files</Filter>
    </ClInclude>
    <ClInclude Include="DXMaps.h">
      <Filter>Header Files</Filter>
    </ClInclude>
    <ClInclude Include="DXSharpEdge.h">
      <Filter>Header Files</Filter>
    </ClInclude>
    <ClInclude Include="..\common\QDivideBase.h">
      <Filter>Header Files</Filter>
    </ClInclude>
    <ClInclude Include="..\common\QDXDivide.h">
      <Filter>Header Files</Filter>
    </ClInclude>
  </ItemGroup>
  <ItemGroup>
    <CustomBuild Include="Resource.h">
      <Filter>Header Files</Filter>
    </CustomBuild>
  </ItemGroup>
</Project>